<?xml version="1.0" encoding="utf-8"?>
<Project ToolsVersion="4.0" xmlns="http://schemas.microsoft.com/developer/msbuild/2003">
  <ItemGroup>
    <Filter Include="Sol">
      <UniqueIdentifier>{B322880B-1F2C-887C-A8A7-9E7C14B0937C}</UniqueIdentifier>
    </Filter>
  </ItemGroup>
  <ItemGroup>
    <ClInclude Include="Source\Sol.h" />
    <ClInclude Include="Source\Sol\Application.h">
      <Filter>Sol</Filter>
    </ClInclude>
    <ClInclude Include="Source\Sol\CORE.H">
      <Filter>Sol</Filter>
    </ClInclude>
    <ClInclude Include="Source\Sol\EntryPoint.h">
      <Filter>Sol</Filter>
    </ClInclude>
    <ClInclude Include="Source\Sol\Log.h">
      <Filter>Sol</Filter>
    </ClInclude>
  </ItemGroup>
  <ItemGroup>
    <ClCompile Include="Source\Sol\Application.cpp">
      <Filter>Sol</Filter>
    </ClCompile>
    <ClCompile Include="Source\Sol\Log.cpp">
      <Filter>Sol</Filter>
    </ClCompile>
  </ItemGroup>
</Project>