
Microsoft Visual Studio Solution File, Format Version 12.00
# Visual Studio Version 17
VisualStudioVersion = 17.1.32210.238
MinimumVisualStudioVersion = 10.0.40219.1
Project("{8BC9CEB8-8B4A-11D0-8D11-00A0C91BC942}") = "Sandbox", "Sandbox\Sandbox.vcxproj", "{7A0BEBBA-B753-430B-AEE6-DB0EF7EF431D}"
	ProjectSection(ProjectDependencies) = postProject
		{FEB6B9F3-9159-47CE-90F2-4ED3AE67B03A} = {FEB6B9F3-9159-47CE-90F2-4ED3AE67B03A}
	EndProjectSection
EndProject
Project("{8BC9CEB8-8B4A-11D0-8D11-00A0C91BC942}") = "Sol", "Sol\Sol.vcxproj", "{FEB6B9F3-9159-47CE-90F2-4ED3AE67B03A}"
EndProject
Global
	GlobalSection(SolutionConfigurationPlatforms) = preSolution
		Debug|x64 = Debug|x64
		Debug|x86 = Debug|x86
		Release|x64 = Release|x64
		Release|x86 = Release|x86
	EndGlobalSection
	GlobalSection(ProjectConfigurationPlatforms) = postSolution
		{FEB6B9F3-9159-47CE-90F2-4ED3AE67B03A}.Debug|x64.ActiveCfg = Debug|x64
		{FEB6B9F3-9159-47CE-90F2-4ED3AE67B03A}.Debug|x64.Build.0 = Debug|x64
		{FEB6B9F3-9159-47CE-90F2-4ED3AE67B03A}.Debug|x86.ActiveCfg = Debug|Win32
		{FEB6B9F3-9159-47CE-90F2-4ED3AE67B03A}.Debug|x86.Build.0 = Debug|Win32
		{FEB6B9F3-9159-47CE-90F2-4ED3AE67B03A}.Release|x64.ActiveCfg = Release|x64
		{FEB6B9F3-9159-47CE-90F2-4ED3AE67B03A}.Release|x64.Build.0 = Release|x64
		{FEB6B9F3-9159-47CE-90F2-4ED3AE67B03A}.Release|x86.ActiveCfg = Release|Win32
		{FEB6B9F3-9159-47CE-90F2-4ED3AE67B03A}.Release|x86.Build.0 = Release|Win32
		{7A0BEBBA-B753-430B-AEE6-DB0EF7EF431D}.Debug|x64.ActiveCfg = Debug|x64
		{7A0BEBBA-B753-430B-AEE6-DB0EF7EF431D}.Debug|x64.Build.0 = Debug|x64
		{7A0BEBBA-B753-430B-AEE6-DB0EF7EF431D}.Debug|x86.ActiveCfg = Debug|Win32
		{7A0BEBBA-B753-430B-AEE6-DB0EF7EF431D}.Debug|x86.Build.0 = Debug|Win32
		{7A0BEBBA-B753-430B-AEE6-DB0EF7EF431D}.Release|x64.ActiveCfg = Release|x64
		{7A0BEBBA-B753-430B-AEE6-DB0EF7EF431D}.Release|x64.Build.0 = Release|x64
		{7A0BEBBA-B753-430B-AEE6-DB0EF7EF431D}.Release|x86.ActiveCfg = Release|Win32
		{7A0BEBBA-B753-430B-AEE6-DB0EF7EF431D}.Release|x86.Build.0 = Release|Win32
	EndGlobalSection
	GlobalSection(SolutionProperties) = preSolution
		HideSolutionNode = FALSE
	EndGlobalSection
	GlobalSection(ExtensibilityGlobals) = postSolution
		SolutionGuid = {C2AC88C8-7DC5-41AA-B9C3-74B48DABA974}
	EndGlobalSection
EndGlobal
