<?xml version="1.0" encoding="utf-8"?>
<Project ToolsVersion="4.0" xmlns="http://schemas.microsoft.com/developer/msbuild/2003">
  <ItemGroup>
    <Filter Include="Platform">
      <UniqueIdentifier>{2AC788B4-1694-E3BF-3FAD-D1672BD9184E}</UniqueIdentifier>
    </Filter>
    <Filter Include="Platform\Windows">
      <UniqueIdentifier>{64FBD71A-50F4-F66C-7926-DCF1657ED678}</UniqueIdentifier>
    </Filter>
    <Filter Include="Sol">
      <UniqueIdentifier>{B322880B-1F2C-887C-A8A7-9E7C14B0937C}</UniqueIdentifier>
    </Filter>
    <Filter Include="Sol\Events">
      <UniqueIdentifier>{37674B7E-231F-8DCB-8C26-662778FD27BC}</UniqueIdentifier>
    </Filter>
  </ItemGroup>
  <ItemGroup>
    <ClInclude Include="Source\Platform\Windows\WindowsWindow.h">
      <Filter>Platform\Windows</Filter>
    </ClInclude>
    <ClInclude Include="Source\Sol.h" />
    <ClInclude Include="Source\Sol\Application.h">
      <Filter>Sol</Filter>
    </ClInclude>
    <ClInclude Include="Source\Sol\Core.h">
      <Filter>Sol</Filter>
    </ClInclude>
    <ClInclude Include="Source\Sol\EntryPoint.h">
      <Filter>Sol</Filter>
    </ClInclude>
    <ClInclude Include="Source\Sol\Events\ApplicationEvent.h">
      <Filter>Sol\Events</Filter>
    </ClInclude>
    <ClInclude Include="Source\Sol\Events\Event.h">
      <Filter>Sol\Events</Filter>
    </ClInclude>
    <ClInclude Include="Source\Sol\Events\KeyEvent.h">
      <Filter>Sol\Events</Filter>
    </ClInclude>
    <ClInclude Include="Source\Sol\Events\MouseEvent.h">
      <Filter>Sol\Events</Filter>
    </ClInclude>
    <ClInclude Include="Source\Sol\Layer.h">
      <Filter>Sol</Filter>
    </ClInclude>
    <ClInclude Include="Source\Sol\LayerStack.h">
      <Filter>Sol</Filter>
    </ClInclude>
    <ClInclude Include="Source\Sol\Log.h">
      <Filter>Sol</Filter>
    </ClInclude>
    <ClInclude Include="Source\Sol\Window.h">
      <Filter>Sol</Filter>
    </ClInclude>
    <ClInclude Include="Source\solpch.h" />
  </ItemGroup>
  <ItemGroup>
    <ClCompile Include="Source\Platform\Windows\WindowsWindow.cpp">
      <Filter>Platform\Windows</Filter>
    </ClCompile>
    <ClCompile Include="Source\Sol\Application.cpp">
      <Filter>Sol</Filter>
    </ClCompile>
    <ClCompile Include="Source\Sol\Layer.cpp">
      <Filter>Sol</Filter>
    </ClCompile>
    <ClCompile Include="Source\Sol\LayerStack.cpp">
      <Filter>Sol</Filter>
    </ClCompile>
    <ClCompile Include="Source\Sol\Log.cpp">
      <Filter>Sol</Filter>
    </ClCompile>
    <ClCompile Include="Source\solpch.cpp" />
  </ItemGroup>
</Project>