<?xml version="1.0" encoding="utf-8"?>
<Project ToolsVersion="4.0" xmlns="http://schemas.microsoft.com/developer/msbuild/2003">
  <ItemGroup>
    <Filter Include="Source">
      <UniqueIdentifier>{56EB95D1-428D-C0A7-2B48-D4FB178947F8}</UniqueIdentifier>
    </Filter>
    <Filter Include="Source\GalaxyDraw">
      <UniqueIdentifier>{39723F18-A588-3DAE-EEFF-C8CF5A550E36}</UniqueIdentifier>
    </Filter>
    <Filter Include="Source\GalaxyDraw\Interfaces">
      <UniqueIdentifier>{EC600C87-D81B-FC32-81D3-747D6D6D46C3}</UniqueIdentifier>
    </Filter>
    <Filter Include="Source\GalaxyDraw\Platform">
      <UniqueIdentifier>{AD3EC805-994E-74D6-0208-D9F4EE36636F}</UniqueIdentifier>
    </Filter>
    <Filter Include="Source\GalaxyDraw\Platform\OpenGL">
      <UniqueIdentifier>{41033031-AD71-85B0-F65A-40B062087B4C}</UniqueIdentifier>
    </Filter>
    <Filter Include="Source\Platform">
      <UniqueIdentifier>{6A48A913-D6D3-16D8-DFE4-99CC4BEF72D8}</UniqueIdentifier>
    </Filter>
    <Filter Include="Source\Platform\Windows">
      <UniqueIdentifier>{A4BC056E-10F4-4D05-19FE-B12885B474FE}</UniqueIdentifier>
    </Filter>
    <Filter Include="Source\Sol">
      <UniqueIdentifier>{F3DBC236-DF93-0484-489B-DDDF34729F74}</UniqueIdentifier>
    </Filter>
    <Filter Include="Source\Sol\Core">
      <UniqueIdentifier>{2B7012D4-97FB-7F98-A00C-038D0C17DC98}</UniqueIdentifier>
    </Filter>
    <Filter Include="Source\Sol\Debug">
      <UniqueIdentifier>{A9D06C56-95C9-8BA8-BEFB-702DAA536BB4}</UniqueIdentifier>
    </Filter>
    <Filter Include="Source\Sol\Events">
      <UniqueIdentifier>{77389127-E34E-8FBD-2CC6-1ADF981B6045}</UniqueIdentifier>
    </Filter>
    <Filter Include="Source\Sol\ImGui">
      <UniqueIdentifier>{5D3BCB56-4934-EAA8-7266-CF2D5EBEC9B4}</UniqueIdentifier>
    </Filter>
    <Filter Include="Source\Sol\Scene">
      <UniqueIdentifier>{50337B57-3C2C-9AA9-655E-7F2E51B679B5}</UniqueIdentifier>
    </Filter>
    <Filter Include="Source\Sol\Scene\Components">
      <UniqueIdentifier>{65666FF9-D173-9DDF-5A5A-99CAC6666996}</UniqueIdentifier>
    </Filter>
    <Filter Include="Source\Sol\Utils">
      <UniqueIdentifier>{93C7A857-7FC0-C7A9-A8F2-AC2E944AA7B5}</UniqueIdentifier>
    </Filter>
    <Filter Include="thirdparty">
      <UniqueIdentifier>{50A5DA7C-3C5D-1CCA-A564-F525913BB7BA}</UniqueIdentifier>
    </Filter>
    <Filter Include="thirdparty\entt">
      <UniqueIdentifier>{9A3C7236-06C8-DFFA-0FD9-62EF7BE33BFB}</UniqueIdentifier>
    </Filter>
    <Filter Include="thirdparty\glm">
      <UniqueIdentifier>{9F576809-8B25-5C0F-74B9-CC3560263874}</UniqueIdentifier>
    </Filter>
    <Filter Include="thirdparty\glm\glm">
      <UniqueIdentifier>{6E9914AF-5A7D-D504-C3DD-CF57AFE0BF86}</UniqueIdentifier>
    </Filter>
    <Filter Include="thirdparty\glm\glm\detail">
      <UniqueIdentifier>{70E9B15F-DCAB-E5E9-255C-7476915DBEC7}</UniqueIdentifier>
    </Filter>
    <Filter Include="thirdparty\glm\glm\ext">
      <UniqueIdentifier>{CE239BF1-BA1D-C443-A38A-5A548F232AB0}</UniqueIdentifier>
    </Filter>
    <Filter Include="thirdparty\glm\glm\gtc">
      <UniqueIdentifier>{BB2B9BF1-A725-C443-9092-5A547C2B2AB0}</UniqueIdentifier>
    </Filter>
    <Filter Include="thirdparty\glm\glm\gtx">
      <UniqueIdentifier>{D02B9BF1-BC25-C443-A592-5A54912B2AB0}</UniqueIdentifier>
    </Filter>
    <Filter Include="thirdparty\imguizmo">
      <UniqueIdentifier>{F0C11AAE-5C23-F8BB-E590-3E6E51F12E7B}</UniqueIdentifier>
    </Filter>
  </ItemGroup>
  <ItemGroup>
    <ClInclude Include="Source\GalaxyDraw\Camera.h">
      <Filter>Source\GalaxyDraw</Filter>
    </ClInclude>
    <ClInclude Include="Source\GalaxyDraw\GalaxyDraw.h">
      <Filter>Source\GalaxyDraw</Filter>
    </ClInclude>
    <ClInclude Include="Source\GalaxyDraw\GalaxyMacros.h">
      <Filter>Source\GalaxyDraw</Filter>
    </ClInclude>
    <ClInclude Include="Source\GalaxyDraw\IBuildable.h">
      <Filter>Source\GalaxyDraw</Filter>
    </ClInclude>
    <ClInclude Include="Source\GalaxyDraw\Interfaces\Buffer.h">
      <Filter>Source\GalaxyDraw\Interfaces</Filter>
    </ClInclude>
    <ClInclude Include="Source\GalaxyDraw\Interfaces\Framebuffer.h">
      <Filter>Source\GalaxyDraw\Interfaces</Filter>
    </ClInclude>
    <ClInclude Include="Source\GalaxyDraw\Interfaces\GalaxyMacros.h">
      <Filter>Source\GalaxyDraw\Interfaces</Filter>
    </ClInclude>
    <ClInclude Include="Source\GalaxyDraw\Interfaces\Mesh.h">
      <Filter>Source\GalaxyDraw\Interfaces</Filter>
    </ClInclude>
    <ClInclude Include="Source\GalaxyDraw\Interfaces\IModel.h">
      <Filter>Source\GalaxyDraw\Interfaces</Filter>
    </ClInclude>
    <ClInclude Include="Source\GalaxyDraw\Interfaces\OrthoCamera.h">
      <Filter>Source\GalaxyDraw\Interfaces</Filter>
    </ClInclude>
    <ClInclude Include="Source\GalaxyDraw\Interfaces\ParticleSystem.h">
      <Filter>Source\GalaxyDraw\Interfaces</Filter>
    </ClInclude>
    <ClInclude Include="Source\GalaxyDraw\Interfaces\RenderCommand.h">
      <Filter>Source\GalaxyDraw\Interfaces</Filter>
    </ClInclude>
    <ClInclude Include="Source\GalaxyDraw\Interfaces\Renderer.h">
      <Filter>Source\GalaxyDraw\Interfaces</Filter>
    </ClInclude>
    <ClInclude Include="Source\GalaxyDraw\Interfaces\Renderer2D.h">
      <Filter>Source\GalaxyDraw\Interfaces</Filter>
    </ClInclude>
    <ClInclude Include="Source\GalaxyDraw\Interfaces\Renderer3D.h">
      <Filter>Source\GalaxyDraw\Interfaces</Filter>
    </ClInclude>
    <ClInclude Include="Source\GalaxyDraw\Interfaces\RendererAPI.h">
      <Filter>Source\GalaxyDraw\Interfaces</Filter>
    </ClInclude>
    <ClInclude Include="Source\GalaxyDraw\Interfaces\RenderingContext.h">
      <Filter>Source\GalaxyDraw\Interfaces</Filter>
    </ClInclude>
    <ClInclude Include="Source\GalaxyDraw\Interfaces\Shader.h">
      <Filter>Source\GalaxyDraw\Interfaces</Filter>
    </ClInclude>
    <ClInclude Include="Source\GalaxyDraw\Interfaces\Texture.h">
      <Filter>Source\GalaxyDraw\Interfaces</Filter>
    </ClInclude>
    <ClInclude Include="Source\GalaxyDraw\Interfaces\UniformBuffer.h">
      <Filter>Source\GalaxyDraw\Interfaces</Filter>
    </ClInclude>
    <ClInclude Include="Source\GalaxyDraw\Interfaces\VertexArray.h">
      <Filter>Source\GalaxyDraw\Interfaces</Filter>
    </ClInclude>
    <ClInclude Include="Source\GalaxyDraw\MeshOld.h">
      <Filter>Source\GalaxyDraw</Filter>
    </ClInclude>
    <ClInclude Include="Source\GalaxyDraw\ModelBuilder.h">
      <Filter>Source\GalaxyDraw</Filter>
    </ClInclude>
    <ClInclude Include="Source\GalaxyDraw\ModelOld.h">
      <Filter>Source\GalaxyDraw</Filter>
    </ClInclude>
    <ClInclude Include="Source\GalaxyDraw\Platform\OpenGL\GLMacros.h">
      <Filter>Source\GalaxyDraw\Platform\OpenGL</Filter>
    </ClInclude>
    <ClInclude Include="Source\GalaxyDraw\Platform\OpenGL\OpenGL_Context.h">
      <Filter>Source\GalaxyDraw\Platform\OpenGL</Filter>
    </ClInclude>
    <ClInclude Include="Source\GalaxyDraw\Platform\OpenGL\OpenGL_Framebuffer.h">
      <Filter>Source\GalaxyDraw\Platform\OpenGL</Filter>
    </ClInclude>
    <ClInclude Include="Source\GalaxyDraw\Platform\OpenGL\OpenGL_IndexBuffer.h">
      <Filter>Source\GalaxyDraw\Platform\OpenGL</Filter>
    </ClInclude>
    <ClInclude Include="Source\GalaxyDraw\Platform\OpenGL\OpenGL_InstanceBuffer.h">
      <Filter>Source\GalaxyDraw\Platform\OpenGL</Filter>
    </ClInclude>
    <ClInclude Include="Source\GalaxyDraw\Model.h">
      <Filter>Source\GalaxyDraw\Platform\OpenGL</Filter>
    </ClInclude>
    <ClInclude Include="Source\GalaxyDraw\Platform\OpenGL\OpenGL_OrthoCamera.h">
      <Filter>Source\GalaxyDraw\Platform\OpenGL</Filter>
    </ClInclude>
    <ClInclude Include="Source\GalaxyDraw\Platform\OpenGL\OpenGL_ParticleSystem.h">
      <Filter>Source\GalaxyDraw\Platform\OpenGL</Filter>
    </ClInclude>
    <ClInclude Include="Source\GalaxyDraw\Platform\OpenGL\OpenGL_RenderScreen.h">
      <Filter>Source\GalaxyDraw\Platform\OpenGL</Filter>
    </ClInclude>
    <ClInclude Include="Source\GalaxyDraw\Platform\OpenGL\OpenGL_Shader.h">
      <Filter>Source\GalaxyDraw\Platform\OpenGL</Filter>
    </ClInclude>
    <ClInclude Include="Source\GalaxyDraw\Platform\OpenGL\OpenGL_Texture.h">
      <Filter>Source\GalaxyDraw\Platform\OpenGL</Filter>
    </ClInclude>
    <ClInclude Include="Source\GalaxyDraw\Platform\OpenGL\OpenGL_UniformBuffer.h">
      <Filter>Source\GalaxyDraw\Platform\OpenGL</Filter>
    </ClInclude>
    <ClInclude Include="Source\GalaxyDraw\Platform\OpenGL\OpenGL_VertexArray.h">
      <Filter>Source\GalaxyDraw\Platform\OpenGL</Filter>
    </ClInclude>
    <ClInclude Include="Source\GalaxyDraw\Platform\OpenGL\OpenGL_VertexBuffer.h">
      <Filter>Source\GalaxyDraw\Platform\OpenGL</Filter>
    </ClInclude>
    <ClInclude Include="Source\GalaxyDraw\SceneCamera.h">
      <Filter>Source\GalaxyDraw</Filter>
    </ClInclude>
    <ClInclude Include="Source\Platform\Windows\WindowsWindow.h">
      <Filter>Source\Platform\Windows</Filter>
    </ClInclude>
    <ClInclude Include="Source\Sol.h">
      <Filter>Source</Filter>
    </ClInclude>
    <ClInclude Include="Source\Sol\CameraController.h">
      <Filter>Source\Sol</Filter>
    </ClInclude>
    <ClInclude Include="Source\Sol\Core\Application.h">
      <Filter>Source\Sol\Core</Filter>
    </ClInclude>
    <ClInclude Include="Source\Sol\Core\Core.h">
      <Filter>Source\Sol\Core</Filter>
    </ClInclude>
    <ClInclude Include="Source\Sol\Core\CrammedVecMap.h">
      <Filter>Source\Sol\Core</Filter>
    </ClInclude>
    <ClInclude Include="Source\Sol\Core\EntryPoint.h">
      <Filter>Source\Sol\Core</Filter>
    </ClInclude>
    <ClInclude Include="Source\Sol\Core\GamepadKeyCodes.h">
      <Filter>Source\Sol\Core</Filter>
    </ClInclude>
    <ClInclude Include="Source\Sol\Core\Input.h">
      <Filter>Source\Sol\Core</Filter>
    </ClInclude>
    <ClInclude Include="Source\Sol\Core\KeyCodes.h">
      <Filter>Source\Sol\Core</Filter>
    </ClInclude>
    <ClInclude Include="Source\Sol\Core\KeyedVector.h">
      <Filter>Source\Sol\Core</Filter>
    </ClInclude>
    <ClInclude Include="Source\Sol\Core\Layer.h">
      <Filter>Source\Sol\Core</Filter>
    </ClInclude>
    <ClInclude Include="Source\Sol\Core\LayerStack.h">
      <Filter>Source\Sol\Core</Filter>
    </ClInclude>
    <ClInclude Include="Source\Sol\Core\Log.h">
      <Filter>Source\Sol\Core</Filter>
    </ClInclude>
    <ClInclude Include="Source\Sol\Core\MouseButtonCodes.h">
      <Filter>Source\Sol\Core</Filter>
    </ClInclude>
    <ClInclude Include="Source\Sol\Core\Random.h">
      <Filter>Source\Sol\Core</Filter>
    </ClInclude>
    <ClInclude Include="Source\Sol\Core\TimeStep.h">
      <Filter>Source\Sol\Core</Filter>
    </ClInclude>
    <ClInclude Include="Source\Sol\Core\Window.h">
      <Filter>Source\Sol\Core</Filter>
    </ClInclude>
    <ClInclude Include="Source\Sol\Debug\Instrumentor.h">
      <Filter>Source\Sol\Debug</Filter>
    </ClInclude>
    <ClInclude Include="Source\Sol\Debug\Timer.h">
      <Filter>Source\Sol\Debug</Filter>
    </ClInclude>
    <ClInclude Include="Source\Sol\Events\ApplicationEvent.h">
      <Filter>Source\Sol\Events</Filter>
    </ClInclude>
    <ClInclude Include="Source\Sol\Events\Event.h">
      <Filter>Source\Sol\Events</Filter>
    </ClInclude>
    <ClInclude Include="Source\Sol\Events\KeyEvent.h">
      <Filter>Source\Sol\Events</Filter>
    </ClInclude>
    <ClInclude Include="Source\Sol\Events\MouseEvent.h">
      <Filter>Source\Sol\Events</Filter>
    </ClInclude>
    <ClInclude Include="Source\Sol\ImGui\ImGuiLayer.h">
      <Filter>Source\Sol\ImGui</Filter>
    </ClInclude>
    <ClInclude Include="Source\Sol\Scene\Components.h">
      <Filter>Source\Sol\Scene</Filter>
    </ClInclude>
    <ClInclude Include="Source\Sol\Scene\Components\CameraComp.h">
      <Filter>Source\Sol\Scene\Components</Filter>
    </ClInclude>
    <ClInclude Include="Source\Sol\Scene\Components\MaterialComp.h">
      <Filter>Source\Sol\Scene\Components</Filter>
    </ClInclude>
    <ClInclude Include="Source\Sol\Scene\Components\ModelComp.h">
      <Filter>Source\Sol\Scene\Components</Filter>
    </ClInclude>
    <ClInclude Include="Source\Sol\Scene\Components\NameComp.h">
      <Filter>Source\Sol\Scene\Components</Filter>
    </ClInclude>
    <ClInclude Include="Source\Sol\Scene\Components\SpriteRendererComp.h">
      <Filter>Source\Sol\Scene\Components</Filter>
    </ClInclude>
    <ClInclude Include="Source\Sol\Scene\Components\TransformComp.h">
      <Filter>Source\Sol\Scene\Components</Filter>
    </ClInclude>
    <ClInclude Include="Source\Sol\Scene\Entity.h">
      <Filter>Source\Sol\Scene</Filter>
    </ClInclude>
    <ClInclude Include="Source\Sol\Scene\Scene.h">
      <Filter>Source\Sol\Scene</Filter>
    </ClInclude>
    <ClInclude Include="Source\Sol\Scene\SceneSerializer.h">
      <Filter>Source\Sol\Scene</Filter>
    </ClInclude>
    <ClInclude Include="Source\Sol\SolDefines.h">
      <Filter>Source\Sol</Filter>
    </ClInclude>
    <ClInclude Include="Source\Sol\Utils\PlatformUtils.h">
      <Filter>Source\Sol\Utils</Filter>
    </ClInclude>
    <ClInclude Include="Source\solpch.h">
      <Filter>Source</Filter>
    </ClInclude>
    <ClInclude Include="thirdparty\entt\entt.hpp">
      <Filter>thirdparty\entt</Filter>
    </ClInclude>
    <ClInclude Include="thirdparty\glm\glm\common.hpp">
      <Filter>thirdparty\glm\glm</Filter>
    </ClInclude>
    <ClInclude Include="thirdparty\glm\glm\detail\_features.hpp">
      <Filter>thirdparty\glm\glm\detail</Filter>
    </ClInclude>
    <ClInclude Include="thirdparty\glm\glm\detail\_fixes.hpp">
      <Filter>thirdparty\glm\glm\detail</Filter>
    </ClInclude>
    <ClInclude Include="thirdparty\glm\glm\detail\_noise.hpp">
      <Filter>thirdparty\glm\glm\detail</Filter>
    </ClInclude>
    <ClInclude Include="thirdparty\glm\glm\detail\_swizzle.hpp">
      <Filter>thirdparty\glm\glm\detail</Filter>
    </ClInclude>
    <ClInclude Include="thirdparty\glm\glm\detail\_swizzle_func.hpp">
      <Filter>thirdparty\glm\glm\detail</Filter>
    </ClInclude>
    <ClInclude Include="thirdparty\glm\glm\detail\_vectorize.hpp">
      <Filter>thirdparty\glm\glm\detail</Filter>
    </ClInclude>
    <ClInclude Include="thirdparty\glm\glm\detail\compute_common.hpp">
      <Filter>thirdparty\glm\glm\detail</Filter>
    </ClInclude>
    <ClInclude Include="thirdparty\glm\glm\detail\compute_vector_relational.hpp">
      <Filter>thirdparty\glm\glm\detail</Filter>
    </ClInclude>
    <ClInclude Include="thirdparty\glm\glm\detail\func_common.inl">
      <Filter>thirdparty\glm\glm\detail</Filter>
    </ClInclude>
    <ClInclude Include="thirdparty\glm\glm\detail\func_common_simd.inl">
      <Filter>thirdparty\glm\glm\detail</Filter>
    </ClInclude>
    <ClInclude Include="thirdparty\glm\glm\detail\func_exponential.inl">
      <Filter>thirdparty\glm\glm\detail</Filter>
    </ClInclude>
    <ClInclude Include="thirdparty\glm\glm\detail\func_exponential_simd.inl">
      <Filter>thirdparty\glm\glm\detail</Filter>
    </ClInclude>
    <ClInclude Include="thirdparty\glm\glm\detail\func_geometric.inl">
      <Filter>thirdparty\glm\glm\detail</Filter>
    </ClInclude>
    <ClInclude Include="thirdparty\glm\glm\detail\func_geometric_simd.inl">
      <Filter>thirdparty\glm\glm\detail</Filter>
    </ClInclude>
    <ClInclude Include="thirdparty\glm\glm\detail\func_integer.inl">
      <Filter>thirdparty\glm\glm\detail</Filter>
    </ClInclude>
    <ClInclude Include="thirdparty\glm\glm\detail\func_integer_simd.inl">
      <Filter>thirdparty\glm\glm\detail</Filter>
    </ClInclude>
    <ClInclude Include="thirdparty\glm\glm\detail\func_matrix.inl">
      <Filter>thirdparty\glm\glm\detail</Filter>
    </ClInclude>
    <ClInclude Include="thirdparty\glm\glm\detail\func_matrix_simd.inl">
      <Filter>thirdparty\glm\glm\detail</Filter>
    </ClInclude>
    <ClInclude Include="thirdparty\glm\glm\detail\func_packing.inl">
      <Filter>thirdparty\glm\glm\detail</Filter>
    </ClInclude>
    <ClInclude Include="thirdparty\glm\glm\detail\func_packing_simd.inl">
      <Filter>thirdparty\glm\glm\detail</Filter>
    </ClInclude>
    <ClInclude Include="thirdparty\glm\glm\detail\func_trigonometric.inl">
      <Filter>thirdparty\glm\glm\detail</Filter>
    </ClInclude>
    <ClInclude Include="thirdparty\glm\glm\detail\func_trigonometric_simd.inl">
      <Filter>thirdparty\glm\glm\detail</Filter>
    </ClInclude>
    <ClInclude Include="thirdparty\glm\glm\detail\func_vector_relational.inl">
      <Filter>thirdparty\glm\glm\detail</Filter>
    </ClInclude>
    <ClInclude Include="thirdparty\glm\glm\detail\func_vector_relational_simd.inl">
      <Filter>thirdparty\glm\glm\detail</Filter>
    </ClInclude>
    <ClInclude Include="thirdparty\glm\glm\detail\qualifier.hpp">
      <Filter>thirdparty\glm\glm\detail</Filter>
    </ClInclude>
    <ClInclude Include="thirdparty\glm\glm\detail\setup.hpp">
      <Filter>thirdparty\glm\glm\detail</Filter>
    </ClInclude>
    <ClInclude Include="thirdparty\glm\glm\detail\type_float.hpp">
      <Filter>thirdparty\glm\glm\detail</Filter>
    </ClInclude>
    <ClInclude Include="thirdparty\glm\glm\detail\type_half.hpp">
      <Filter>thirdparty\glm\glm\detail</Filter>
    </ClInclude>
    <ClInclude Include="thirdparty\glm\glm\detail\type_half.inl">
      <Filter>thirdparty\glm\glm\detail</Filter>
    </ClInclude>
    <ClInclude Include="thirdparty\glm\glm\detail\type_mat2x2.hpp">
      <Filter>thirdparty\glm\glm\detail</Filter>
    </ClInclude>
    <ClInclude Include="thirdparty\glm\glm\detail\type_mat2x2.inl">
      <Filter>thirdparty\glm\glm\detail</Filter>
    </ClInclude>
    <ClInclude Include="thirdparty\glm\glm\detail\type_mat2x3.hpp">
      <Filter>thirdparty\glm\glm\detail</Filter>
    </ClInclude>
    <ClInclude Include="thirdparty\glm\glm\detail\type_mat2x3.inl">
      <Filter>thirdparty\glm\glm\detail</Filter>
    </ClInclude>
    <ClInclude Include="thirdparty\glm\glm\detail\type_mat2x4.hpp">
      <Filter>thirdparty\glm\glm\detail</Filter>
    </ClInclude>
    <ClInclude Include="thirdparty\glm\glm\detail\type_mat2x4.inl">
      <Filter>thirdparty\glm\glm\detail</Filter>
    </ClInclude>
    <ClInclude Include="thirdparty\glm\glm\detail\type_mat3x2.hpp">
      <Filter>thirdparty\glm\glm\detail</Filter>
    </ClInclude>
    <ClInclude Include="thirdparty\glm\glm\detail\type_mat3x2.inl">
      <Filter>thirdparty\glm\glm\detail</Filter>
    </ClInclude>
    <ClInclude Include="thirdparty\glm\glm\detail\type_mat3x3.hpp">
      <Filter>thirdparty\glm\glm\detail</Filter>
    </ClInclude>
    <ClInclude Include="thirdparty\glm\glm\detail\type_mat3x3.inl">
      <Filter>thirdparty\glm\glm\detail</Filter>
    </ClInclude>
    <ClInclude Include="thirdparty\glm\glm\detail\type_mat3x4.hpp">
      <Filter>thirdparty\glm\glm\detail</Filter>
    </ClInclude>
    <ClInclude Include="thirdparty\glm\glm\detail\type_mat3x4.inl">
      <Filter>thirdparty\glm\glm\detail</Filter>
    </ClInclude>
    <ClInclude Include="thirdparty\glm\glm\detail\type_mat4x2.hpp">
      <Filter>thirdparty\glm\glm\detail</Filter>
    </ClInclude>
    <ClInclude Include="thirdparty\glm\glm\detail\type_mat4x2.inl">
      <Filter>thirdparty\glm\glm\detail</Filter>
    </ClInclude>
    <ClInclude Include="thirdparty\glm\glm\detail\type_mat4x3.hpp">
      <Filter>thirdparty\glm\glm\detail</Filter>
    </ClInclude>
    <ClInclude Include="thirdparty\glm\glm\detail\type_mat4x3.inl">
      <Filter>thirdparty\glm\glm\detail</Filter>
    </ClInclude>
    <ClInclude Include="thirdparty\glm\glm\detail\type_mat4x4.hpp">
      <Filter>thirdparty\glm\glm\detail</Filter>
    </ClInclude>
    <ClInclude Include="thirdparty\glm\glm\detail\type_mat4x4.inl">
      <Filter>thirdparty\glm\glm\detail</Filter>
    </ClInclude>
    <ClInclude Include="thirdparty\glm\glm\detail\type_mat4x4_simd.inl">
      <Filter>thirdparty\glm\glm\detail</Filter>
    </ClInclude>
    <ClInclude Include="thirdparty\glm\glm\detail\type_quat.hpp">
      <Filter>thirdparty\glm\glm\detail</Filter>
    </ClInclude>
    <ClInclude Include="thirdparty\glm\glm\detail\type_quat.inl">
      <Filter>thirdparty\glm\glm\detail</Filter>
    </ClInclude>
    <ClInclude Include="thirdparty\glm\glm\detail\type_quat_simd.inl">
      <Filter>thirdparty\glm\glm\detail</Filter>
    </ClInclude>
    <ClInclude Include="thirdparty\glm\glm\detail\type_vec1.hpp">
      <Filter>thirdparty\glm\glm\detail</Filter>
    </ClInclude>
    <ClInclude Include="thirdparty\glm\glm\detail\type_vec1.inl">
      <Filter>thirdparty\glm\glm\detail</Filter>
    </ClInclude>
    <ClInclude Include="thirdparty\glm\glm\detail\type_vec2.hpp">
      <Filter>thirdparty\glm\glm\detail</Filter>
    </ClInclude>
    <ClInclude Include="thirdparty\glm\glm\detail\type_vec2.inl">
      <Filter>thirdparty\glm\glm\detail</Filter>
    </ClInclude>
    <ClInclude Include="thirdparty\glm\glm\detail\type_vec3.hpp">
      <Filter>thirdparty\glm\glm\detail</Filter>
    </ClInclude>
    <ClInclude Include="thirdparty\glm\glm\detail\type_vec3.inl">
      <Filter>thirdparty\glm\glm\detail</Filter>
    </ClInclude>
    <ClInclude Include="thirdparty\glm\glm\detail\type_vec4.hpp">
      <Filter>thirdparty\glm\glm\detail</Filter>
    </ClInclude>
    <ClInclude Include="thirdparty\glm\glm\detail\type_vec4.inl">
      <Filter>thirdparty\glm\glm\detail</Filter>
    </ClInclude>
    <ClInclude Include="thirdparty\glm\glm\detail\type_vec4_simd.inl">
      <Filter>thirdparty\glm\glm\detail</Filter>
    </ClInclude>
    <ClInclude Include="thirdparty\glm\glm\exponential.hpp">
      <Filter>thirdparty\glm\glm</Filter>
    </ClInclude>
    <ClInclude Include="thirdparty\glm\glm\ext.hpp">
      <Filter>thirdparty\glm\glm</Filter>
    </ClInclude>
    <ClInclude Include="thirdparty\glm\glm\ext\matrix_clip_space.hpp">
      <Filter>thirdparty\glm\glm\ext</Filter>
    </ClInclude>
    <ClInclude Include="thirdparty\glm\glm\ext\matrix_clip_space.inl">
      <Filter>thirdparty\glm\glm\ext</Filter>
    </ClInclude>
    <ClInclude Include="thirdparty\glm\glm\ext\matrix_common.hpp">
      <Filter>thirdparty\glm\glm\ext</Filter>
    </ClInclude>
    <ClInclude Include="thirdparty\glm\glm\ext\matrix_common.inl">
      <Filter>thirdparty\glm\glm\ext</Filter>
    </ClInclude>
    <ClInclude Include="thirdparty\glm\glm\ext\matrix_double2x2.hpp">
      <Filter>thirdparty\glm\glm\ext</Filter>
    </ClInclude>
    <ClInclude Include="thirdparty\glm\glm\ext\matrix_double2x2_precision.hpp">
      <Filter>thirdparty\glm\glm\ext</Filter>
    </ClInclude>
    <ClInclude Include="thirdparty\glm\glm\ext\matrix_double2x3.hpp">
      <Filter>thirdparty\glm\glm\ext</Filter>
    </ClInclude>
    <ClInclude Include="thirdparty\glm\glm\ext\matrix_double2x3_precision.hpp">
      <Filter>thirdparty\glm\glm\ext</Filter>
    </ClInclude>
    <ClInclude Include="thirdparty\glm\glm\ext\matrix_double2x4.hpp">
      <Filter>thirdparty\glm\glm\ext</Filter>
    </ClInclude>
    <ClInclude Include="thirdparty\glm\glm\ext\matrix_double2x4_precision.hpp">
      <Filter>thirdparty\glm\glm\ext</Filter>
    </ClInclude>
    <ClInclude Include="thirdparty\glm\glm\ext\matrix_double3x2.hpp">
      <Filter>thirdparty\glm\glm\ext</Filter>
    </ClInclude>
    <ClInclude Include="thirdparty\glm\glm\ext\matrix_double3x2_precision.hpp">
      <Filter>thirdparty\glm\glm\ext</Filter>
    </ClInclude>
    <ClInclude Include="thirdparty\glm\glm\ext\matrix_double3x3.hpp">
      <Filter>thirdparty\glm\glm\ext</Filter>
    </ClInclude>
    <ClInclude Include="thirdparty\glm\glm\ext\matrix_double3x3_precision.hpp">
      <Filter>thirdparty\glm\glm\ext</Filter>
    </ClInclude>
    <ClInclude Include="thirdparty\glm\glm\ext\matrix_double3x4.hpp">
      <Filter>thirdparty\glm\glm\ext</Filter>
    </ClInclude>
    <ClInclude Include="thirdparty\glm\glm\ext\matrix_double3x4_precision.hpp">
      <Filter>thirdparty\glm\glm\ext</Filter>
    </ClInclude>
    <ClInclude Include="thirdparty\glm\glm\ext\matrix_double4x2.hpp">
      <Filter>thirdparty\glm\glm\ext</Filter>
    </ClInclude>
    <ClInclude Include="thirdparty\glm\glm\ext\matrix_double4x2_precision.hpp">
      <Filter>thirdparty\glm\glm\ext</Filter>
    </ClInclude>
    <ClInclude Include="thirdparty\glm\glm\ext\matrix_double4x3.hpp">
      <Filter>thirdparty\glm\glm\ext</Filter>
    </ClInclude>
    <ClInclude Include="thirdparty\glm\glm\ext\matrix_double4x3_precision.hpp">
      <Filter>thirdparty\glm\glm\ext</Filter>
    </ClInclude>
    <ClInclude Include="thirdparty\glm\glm\ext\matrix_double4x4.hpp">
      <Filter>thirdparty\glm\glm\ext</Filter>
    </ClInclude>
    <ClInclude Include="thirdparty\glm\glm\ext\matrix_double4x4_precision.hpp">
      <Filter>thirdparty\glm\glm\ext</Filter>
    </ClInclude>
    <ClInclude Include="thirdparty\glm\glm\ext\matrix_float2x2.hpp">
      <Filter>thirdparty\glm\glm\ext</Filter>
    </ClInclude>
    <ClInclude Include="thirdparty\glm\glm\ext\matrix_float2x2_precision.hpp">
      <Filter>thirdparty\glm\glm\ext</Filter>
    </ClInclude>
    <ClInclude Include="thirdparty\glm\glm\ext\matrix_float2x3.hpp">
      <Filter>thirdparty\glm\glm\ext</Filter>
    </ClInclude>
    <ClInclude Include="thirdparty\glm\glm\ext\matrix_float2x3_precision.hpp">
      <Filter>thirdparty\glm\glm\ext</Filter>
    </ClInclude>
    <ClInclude Include="thirdparty\glm\glm\ext\matrix_float2x4.hpp">
      <Filter>thirdparty\glm\glm\ext</Filter>
    </ClInclude>
    <ClInclude Include="thirdparty\glm\glm\ext\matrix_float2x4_precision.hpp">
      <Filter>thirdparty\glm\glm\ext</Filter>
    </ClInclude>
    <ClInclude Include="thirdparty\glm\glm\ext\matrix_float3x2.hpp">
      <Filter>thirdparty\glm\glm\ext</Filter>
    </ClInclude>
    <ClInclude Include="thirdparty\glm\glm\ext\matrix_float3x2_precision.hpp">
      <Filter>thirdparty\glm\glm\ext</Filter>
    </ClInclude>
    <ClInclude Include="thirdparty\glm\glm\ext\matrix_float3x3.hpp">
      <Filter>thirdparty\glm\glm\ext</Filter>
    </ClInclude>
    <ClInclude Include="thirdparty\glm\glm\ext\matrix_float3x3_precision.hpp">
      <Filter>thirdparty\glm\glm\ext</Filter>
    </ClInclude>
    <ClInclude Include="thirdparty\glm\glm\ext\matrix_float3x4.hpp">
      <Filter>thirdparty\glm\glm\ext</Filter>
    </ClInclude>
    <ClInclude Include="thirdparty\glm\glm\ext\matrix_float3x4_precision.hpp">
      <Filter>thirdparty\glm\glm\ext</Filter>
    </ClInclude>
    <ClInclude Include="thirdparty\glm\glm\ext\matrix_float4x2.hpp">
      <Filter>thirdparty\glm\glm\ext</Filter>
    </ClInclude>
    <ClInclude Include="thirdparty\glm\glm\ext\matrix_float4x2_precision.hpp">
      <Filter>thirdparty\glm\glm\ext</Filter>
    </ClInclude>
    <ClInclude Include="thirdparty\glm\glm\ext\matrix_float4x3.hpp">
      <Filter>thirdparty\glm\glm\ext</Filter>
    </ClInclude>
    <ClInclude Include="thirdparty\glm\glm\ext\matrix_float4x3_precision.hpp">
      <Filter>thirdparty\glm\glm\ext</Filter>
    </ClInclude>
    <ClInclude Include="thirdparty\glm\glm\ext\matrix_float4x4.hpp">
      <Filter>thirdparty\glm\glm\ext</Filter>
    </ClInclude>
    <ClInclude Include="thirdparty\glm\glm\ext\matrix_float4x4_precision.hpp">
      <Filter>thirdparty\glm\glm\ext</Filter>
    </ClInclude>
    <ClInclude Include="thirdparty\glm\glm\ext\matrix_int2x2.hpp">
      <Filter>thirdparty\glm\glm\ext</Filter>
    </ClInclude>
    <ClInclude Include="thirdparty\glm\glm\ext\matrix_int2x2_sized.hpp">
      <Filter>thirdparty\glm\glm\ext</Filter>
    </ClInclude>
    <ClInclude Include="thirdparty\glm\glm\ext\matrix_int2x3.hpp">
      <Filter>thirdparty\glm\glm\ext</Filter>
    </ClInclude>
    <ClInclude Include="thirdparty\glm\glm\ext\matrix_int2x3_sized.hpp">
      <Filter>thirdparty\glm\glm\ext</Filter>
    </ClInclude>
    <ClInclude Include="thirdparty\glm\glm\ext\matrix_int2x4.hpp">
      <Filter>thirdparty\glm\glm\ext</Filter>
    </ClInclude>
    <ClInclude Include="thirdparty\glm\glm\ext\matrix_int2x4_sized.hpp">
      <Filter>thirdparty\glm\glm\ext</Filter>
    </ClInclude>
    <ClInclude Include="thirdparty\glm\glm\ext\matrix_int3x2.hpp">
      <Filter>thirdparty\glm\glm\ext</Filter>
    </ClInclude>
    <ClInclude Include="thirdparty\glm\glm\ext\matrix_int3x2_sized.hpp">
      <Filter>thirdparty\glm\glm\ext</Filter>
    </ClInclude>
    <ClInclude Include="thirdparty\glm\glm\ext\matrix_int3x3.hpp">
      <Filter>thirdparty\glm\glm\ext</Filter>
    </ClInclude>
    <ClInclude Include="thirdparty\glm\glm\ext\matrix_int3x3_sized.hpp">
      <Filter>thirdparty\glm\glm\ext</Filter>
    </ClInclude>
    <ClInclude Include="thirdparty\glm\glm\ext\matrix_int3x4.hpp">
      <Filter>thirdparty\glm\glm\ext</Filter>
    </ClInclude>
    <ClInclude Include="thirdparty\glm\glm\ext\matrix_int3x4_sized.hpp">
      <Filter>thirdparty\glm\glm\ext</Filter>
    </ClInclude>
    <ClInclude Include="thirdparty\glm\glm\ext\matrix_int4x2.hpp">
      <Filter>thirdparty\glm\glm\ext</Filter>
    </ClInclude>
    <ClInclude Include="thirdparty\glm\glm\ext\matrix_int4x2_sized.hpp">
      <Filter>thirdparty\glm\glm\ext</Filter>
    </ClInclude>
    <ClInclude Include="thirdparty\glm\glm\ext\matrix_int4x3.hpp">
      <Filter>thirdparty\glm\glm\ext</Filter>
    </ClInclude>
    <ClInclude Include="thirdparty\glm\glm\ext\matrix_int4x3_sized.hpp">
      <Filter>thirdparty\glm\glm\ext</Filter>
    </ClInclude>
    <ClInclude Include="thirdparty\glm\glm\ext\matrix_int4x4.hpp">
      <Filter>thirdparty\glm\glm\ext</Filter>
    </ClInclude>
    <ClInclude Include="thirdparty\glm\glm\ext\matrix_int4x4_sized.hpp">
      <Filter>thirdparty\glm\glm\ext</Filter>
    </ClInclude>
    <ClInclude Include="thirdparty\glm\glm\ext\matrix_integer.hpp">
      <Filter>thirdparty\glm\glm\ext</Filter>
    </ClInclude>
    <ClInclude Include="thirdparty\glm\glm\ext\matrix_integer.inl">
      <Filter>thirdparty\glm\glm\ext</Filter>
    </ClInclude>
    <ClInclude Include="thirdparty\glm\glm\ext\matrix_projection.hpp">
      <Filter>thirdparty\glm\glm\ext</Filter>
    </ClInclude>
    <ClInclude Include="thirdparty\glm\glm\ext\matrix_projection.inl">
      <Filter>thirdparty\glm\glm\ext</Filter>
    </ClInclude>
    <ClInclude Include="thirdparty\glm\glm\ext\matrix_relational.hpp">
      <Filter>thirdparty\glm\glm\ext</Filter>
    </ClInclude>
    <ClInclude Include="thirdparty\glm\glm\ext\matrix_relational.inl">
      <Filter>thirdparty\glm\glm\ext</Filter>
    </ClInclude>
    <ClInclude Include="thirdparty\glm\glm\ext\matrix_transform.hpp">
      <Filter>thirdparty\glm\glm\ext</Filter>
    </ClInclude>
    <ClInclude Include="thirdparty\glm\glm\ext\matrix_transform.inl">
      <Filter>thirdparty\glm\glm\ext</Filter>
    </ClInclude>
    <ClInclude Include="thirdparty\glm\glm\ext\matrix_uint2x2.hpp">
      <Filter>thirdparty\glm\glm\ext</Filter>
    </ClInclude>
    <ClInclude Include="thirdparty\glm\glm\ext\matrix_uint2x2_sized.hpp">
      <Filter>thirdparty\glm\glm\ext</Filter>
    </ClInclude>
    <ClInclude Include="thirdparty\glm\glm\ext\matrix_uint2x3.hpp">
      <Filter>thirdparty\glm\glm\ext</Filter>
    </ClInclude>
    <ClInclude Include="thirdparty\glm\glm\ext\matrix_uint2x3_sized.hpp">
      <Filter>thirdparty\glm\glm\ext</Filter>
    </ClInclude>
    <ClInclude Include="thirdparty\glm\glm\ext\matrix_uint2x4.hpp">
      <Filter>thirdparty\glm\glm\ext</Filter>
    </ClInclude>
    <ClInclude Include="thirdparty\glm\glm\ext\matrix_uint2x4_sized.hpp">
      <Filter>thirdparty\glm\glm\ext</Filter>
    </ClInclude>
    <ClInclude Include="thirdparty\glm\glm\ext\matrix_uint3x2.hpp">
      <Filter>thirdparty\glm\glm\ext</Filter>
    </ClInclude>
    <ClInclude Include="thirdparty\glm\glm\ext\matrix_uint3x2_sized.hpp">
      <Filter>thirdparty\glm\glm\ext</Filter>
    </ClInclude>
    <ClInclude Include="thirdparty\glm\glm\ext\matrix_uint3x3.hpp">
      <Filter>thirdparty\glm\glm\ext</Filter>
    </ClInclude>
    <ClInclude Include="thirdparty\glm\glm\ext\matrix_uint3x3_sized.hpp">
      <Filter>thirdparty\glm\glm\ext</Filter>
    </ClInclude>
    <ClInclude Include="thirdparty\glm\glm\ext\matrix_uint3x4.hpp">
      <Filter>thirdparty\glm\glm\ext</Filter>
    </ClInclude>
    <ClInclude Include="thirdparty\glm\glm\ext\matrix_uint3x4_sized.hpp">
      <Filter>thirdparty\glm\glm\ext</Filter>
    </ClInclude>
    <ClInclude Include="thirdparty\glm\glm\ext\matrix_uint4x2.hpp">
      <Filter>thirdparty\glm\glm\ext</Filter>
    </ClInclude>
    <ClInclude Include="thirdparty\glm\glm\ext\matrix_uint4x2_sized.hpp">
      <Filter>thirdparty\glm\glm\ext</Filter>
    </ClInclude>
    <ClInclude Include="thirdparty\glm\glm\ext\matrix_uint4x3.hpp">
      <Filter>thirdparty\glm\glm\ext</Filter>
    </ClInclude>
    <ClInclude Include="thirdparty\glm\glm\ext\matrix_uint4x3_sized.hpp">
      <Filter>thirdparty\glm\glm\ext</Filter>
    </ClInclude>
    <ClInclude Include="thirdparty\glm\glm\ext\matrix_uint4x4.hpp">
      <Filter>thirdparty\glm\glm\ext</Filter>
    </ClInclude>
    <ClInclude Include="thirdparty\glm\glm\ext\matrix_uint4x4_sized.hpp">
      <Filter>thirdparty\glm\glm\ext</Filter>
    </ClInclude>
    <ClInclude Include="thirdparty\glm\glm\ext\quaternion_common.hpp">
      <Filter>thirdparty\glm\glm\ext</Filter>
    </ClInclude>
    <ClInclude Include="thirdparty\glm\glm\ext\quaternion_common.inl">
      <Filter>thirdparty\glm\glm\ext</Filter>
    </ClInclude>
    <ClInclude Include="thirdparty\glm\glm\ext\quaternion_common_simd.inl">
      <Filter>thirdparty\glm\glm\ext</Filter>
    </ClInclude>
    <ClInclude Include="thirdparty\glm\glm\ext\quaternion_double.hpp">
      <Filter>thirdparty\glm\glm\ext</Filter>
    </ClInclude>
    <ClInclude Include="thirdparty\glm\glm\ext\quaternion_double_precision.hpp">
      <Filter>thirdparty\glm\glm\ext</Filter>
    </ClInclude>
    <ClInclude Include="thirdparty\glm\glm\ext\quaternion_exponential.hpp">
      <Filter>thirdparty\glm\glm\ext</Filter>
    </ClInclude>
    <ClInclude Include="thirdparty\glm\glm\ext\quaternion_exponential.inl">
      <Filter>thirdparty\glm\glm\ext</Filter>
    </ClInclude>
    <ClInclude Include="thirdparty\glm\glm\ext\quaternion_float.hpp">
      <Filter>thirdparty\glm\glm\ext</Filter>
    </ClInclude>
    <ClInclude Include="thirdparty\glm\glm\ext\quaternion_float_precision.hpp">
      <Filter>thirdparty\glm\glm\ext</Filter>
    </ClInclude>
    <ClInclude Include="thirdparty\glm\glm\ext\quaternion_geometric.hpp">
      <Filter>thirdparty\glm\glm\ext</Filter>
    </ClInclude>
    <ClInclude Include="thirdparty\glm\glm\ext\quaternion_geometric.inl">
      <Filter>thirdparty\glm\glm\ext</Filter>
    </ClInclude>
    <ClInclude Include="thirdparty\glm\glm\ext\quaternion_relational.hpp">
      <Filter>thirdparty\glm\glm\ext</Filter>
    </ClInclude>
    <ClInclude Include="thirdparty\glm\glm\ext\quaternion_relational.inl">
      <Filter>thirdparty\glm\glm\ext</Filter>
    </ClInclude>
    <ClInclude Include="thirdparty\glm\glm\ext\quaternion_transform.hpp">
      <Filter>thirdparty\glm\glm\ext</Filter>
    </ClInclude>
    <ClInclude Include="thirdparty\glm\glm\ext\quaternion_transform.inl">
      <Filter>thirdparty\glm\glm\ext</Filter>
    </ClInclude>
    <ClInclude Include="thirdparty\glm\glm\ext\quaternion_trigonometric.hpp">
      <Filter>thirdparty\glm\glm\ext</Filter>
    </ClInclude>
    <ClInclude Include="thirdparty\glm\glm\ext\quaternion_trigonometric.inl">
      <Filter>thirdparty\glm\glm\ext</Filter>
    </ClInclude>
    <ClInclude Include="thirdparty\glm\glm\ext\scalar_common.hpp">
      <Filter>thirdparty\glm\glm\ext</Filter>
    </ClInclude>
    <ClInclude Include="thirdparty\glm\glm\ext\scalar_common.inl">
      <Filter>thirdparty\glm\glm\ext</Filter>
    </ClInclude>
    <ClInclude Include="thirdparty\glm\glm\ext\scalar_constants.hpp">
      <Filter>thirdparty\glm\glm\ext</Filter>
    </ClInclude>
    <ClInclude Include="thirdparty\glm\glm\ext\scalar_constants.inl">
      <Filter>thirdparty\glm\glm\ext</Filter>
    </ClInclude>
    <ClInclude Include="thirdparty\glm\glm\ext\scalar_int_sized.hpp">
      <Filter>thirdparty\glm\glm\ext</Filter>
    </ClInclude>
    <ClInclude Include="thirdparty\glm\glm\ext\scalar_integer.hpp">
      <Filter>thirdparty\glm\glm\ext</Filter>
    </ClInclude>
    <ClInclude Include="thirdparty\glm\glm\ext\scalar_integer.inl">
      <Filter>thirdparty\glm\glm\ext</Filter>
    </ClInclude>
    <ClInclude Include="thirdparty\glm\glm\ext\scalar_packing.hpp">
      <Filter>thirdparty\glm\glm\ext</Filter>
    </ClInclude>
    <ClInclude Include="thirdparty\glm\glm\ext\scalar_packing.inl">
      <Filter>thirdparty\glm\glm\ext</Filter>
    </ClInclude>
    <ClInclude Include="thirdparty\glm\glm\ext\scalar_reciprocal.hpp">
      <Filter>thirdparty\glm\glm\ext</Filter>
    </ClInclude>
    <ClInclude Include="thirdparty\glm\glm\ext\scalar_reciprocal.inl">
      <Filter>thirdparty\glm\glm\ext</Filter>
    </ClInclude>
    <ClInclude Include="thirdparty\glm\glm\ext\scalar_relational.hpp">
      <Filter>thirdparty\glm\glm\ext</Filter>
    </ClInclude>
    <ClInclude Include="thirdparty\glm\glm\ext\scalar_relational.inl">
      <Filter>thirdparty\glm\glm\ext</Filter>
    </ClInclude>
    <ClInclude Include="thirdparty\glm\glm\ext\scalar_uint_sized.hpp">
      <Filter>thirdparty\glm\glm\ext</Filter>
    </ClInclude>
    <ClInclude Include="thirdparty\glm\glm\ext\scalar_ulp.hpp">
      <Filter>thirdparty\glm\glm\ext</Filter>
    </ClInclude>
    <ClInclude Include="thirdparty\glm\glm\ext\scalar_ulp.inl">
      <Filter>thirdparty\glm\glm\ext</Filter>
    </ClInclude>
    <ClInclude Include="thirdparty\glm\glm\ext\vector_bool1.hpp">
      <Filter>thirdparty\glm\glm\ext</Filter>
    </ClInclude>
    <ClInclude Include="thirdparty\glm\glm\ext\vector_bool1_precision.hpp">
      <Filter>thirdparty\glm\glm\ext</Filter>
    </ClInclude>
    <ClInclude Include="thirdparty\glm\glm\ext\vector_bool2.hpp">
      <Filter>thirdparty\glm\glm\ext</Filter>
    </ClInclude>
    <ClInclude Include="thirdparty\glm\glm\ext\vector_bool2_precision.hpp">
      <Filter>thirdparty\glm\glm\ext</Filter>
    </ClInclude>
    <ClInclude Include="thirdparty\glm\glm\ext\vector_bool3.hpp">
      <Filter>thirdparty\glm\glm\ext</Filter>
    </ClInclude>
    <ClInclude Include="thirdparty\glm\glm\ext\vector_bool3_precision.hpp">
      <Filter>thirdparty\glm\glm\ext</Filter>
    </ClInclude>
    <ClInclude Include="thirdparty\glm\glm\ext\vector_bool4.hpp">
      <Filter>thirdparty\glm\glm\ext</Filter>
    </ClInclude>
    <ClInclude Include="thirdparty\glm\glm\ext\vector_bool4_precision.hpp">
      <Filter>thirdparty\glm\glm\ext</Filter>
    </ClInclude>
    <ClInclude Include="thirdparty\glm\glm\ext\vector_common.hpp">
      <Filter>thirdparty\glm\glm\ext</Filter>
    </ClInclude>
    <ClInclude Include="thirdparty\glm\glm\ext\vector_common.inl">
      <Filter>thirdparty\glm\glm\ext</Filter>
    </ClInclude>
    <ClInclude Include="thirdparty\glm\glm\ext\vector_double1.hpp">
      <Filter>thirdparty\glm\glm\ext</Filter>
    </ClInclude>
    <ClInclude Include="thirdparty\glm\glm\ext\vector_double1_precision.hpp">
      <Filter>thirdparty\glm\glm\ext</Filter>
    </ClInclude>
    <ClInclude Include="thirdparty\glm\glm\ext\vector_double2.hpp">
      <Filter>thirdparty\glm\glm\ext</Filter>
    </ClInclude>
    <ClInclude Include="thirdparty\glm\glm\ext\vector_double2_precision.hpp">
      <Filter>thirdparty\glm\glm\ext</Filter>
    </ClInclude>
    <ClInclude Include="thirdparty\glm\glm\ext\vector_double3.hpp">
      <Filter>thirdparty\glm\glm\ext</Filter>
    </ClInclude>
    <ClInclude Include="thirdparty\glm\glm\ext\vector_double3_precision.hpp">
      <Filter>thirdparty\glm\glm\ext</Filter>
    </ClInclude>
    <ClInclude Include="thirdparty\glm\glm\ext\vector_double4.hpp">
      <Filter>thirdparty\glm\glm\ext</Filter>
    </ClInclude>
    <ClInclude Include="thirdparty\glm\glm\ext\vector_double4_precision.hpp">
      <Filter>thirdparty\glm\glm\ext</Filter>
    </ClInclude>
    <ClInclude Include="thirdparty\glm\glm\ext\vector_float1.hpp">
      <Filter>thirdparty\glm\glm\ext</Filter>
    </ClInclude>
    <ClInclude Include="thirdparty\glm\glm\ext\vector_float1_precision.hpp">
      <Filter>thirdparty\glm\glm\ext</Filter>
    </ClInclude>
    <ClInclude Include="thirdparty\glm\glm\ext\vector_float2.hpp">
      <Filter>thirdparty\glm\glm\ext</Filter>
    </ClInclude>
    <ClInclude Include="thirdparty\glm\glm\ext\vector_float2_precision.hpp">
      <Filter>thirdparty\glm\glm\ext</Filter>
    </ClInclude>
    <ClInclude Include="thirdparty\glm\glm\ext\vector_float3.hpp">
      <Filter>thirdparty\glm\glm\ext</Filter>
    </ClInclude>
    <ClInclude Include="thirdparty\glm\glm\ext\vector_float3_precision.hpp">
      <Filter>thirdparty\glm\glm\ext</Filter>
    </ClInclude>
    <ClInclude Include="thirdparty\glm\glm\ext\vector_float4.hpp">
      <Filter>thirdparty\glm\glm\ext</Filter>
    </ClInclude>
    <ClInclude Include="thirdparty\glm\glm\ext\vector_float4_precision.hpp">
      <Filter>thirdparty\glm\glm\ext</Filter>
    </ClInclude>
    <ClInclude Include="thirdparty\glm\glm\ext\vector_int1.hpp">
      <Filter>thirdparty\glm\glm\ext</Filter>
    </ClInclude>
    <ClInclude Include="thirdparty\glm\glm\ext\vector_int1_sized.hpp">
      <Filter>thirdparty\glm\glm\ext</Filter>
    </ClInclude>
    <ClInclude Include="thirdparty\glm\glm\ext\vector_int2.hpp">
      <Filter>thirdparty\glm\glm\ext</Filter>
    </ClInclude>
    <ClInclude Include="thirdparty\glm\glm\ext\vector_int2_sized.hpp">
      <Filter>thirdparty\glm\glm\ext</Filter>
    </ClInclude>
    <ClInclude Include="thirdparty\glm\glm\ext\vector_int3.hpp">
      <Filter>thirdparty\glm\glm\ext</Filter>
    </ClInclude>
    <ClInclude Include="thirdparty\glm\glm\ext\vector_int3_sized.hpp">
      <Filter>thirdparty\glm\glm\ext</Filter>
    </ClInclude>
    <ClInclude Include="thirdparty\glm\glm\ext\vector_int4.hpp">
      <Filter>thirdparty\glm\glm\ext</Filter>
    </ClInclude>
    <ClInclude Include="thirdparty\glm\glm\ext\vector_int4_sized.hpp">
      <Filter>thirdparty\glm\glm\ext</Filter>
    </ClInclude>
    <ClInclude Include="thirdparty\glm\glm\ext\vector_integer.hpp">
      <Filter>thirdparty\glm\glm\ext</Filter>
    </ClInclude>
    <ClInclude Include="thirdparty\glm\glm\ext\vector_integer.inl">
      <Filter>thirdparty\glm\glm\ext</Filter>
    </ClInclude>
    <ClInclude Include="thirdparty\glm\glm\ext\vector_packing.hpp">
      <Filter>thirdparty\glm\glm\ext</Filter>
    </ClInclude>
    <ClInclude Include="thirdparty\glm\glm\ext\vector_packing.inl">
      <Filter>thirdparty\glm\glm\ext</Filter>
    </ClInclude>
    <ClInclude Include="thirdparty\glm\glm\ext\vector_reciprocal.hpp">
      <Filter>thirdparty\glm\glm\ext</Filter>
    </ClInclude>
    <ClInclude Include="thirdparty\glm\glm\ext\vector_reciprocal.inl">
      <Filter>thirdparty\glm\glm\ext</Filter>
    </ClInclude>
    <ClInclude Include="thirdparty\glm\glm\ext\vector_relational.hpp">
      <Filter>thirdparty\glm\glm\ext</Filter>
    </ClInclude>
    <ClInclude Include="thirdparty\glm\glm\ext\vector_relational.inl">
      <Filter>thirdparty\glm\glm\ext</Filter>
    </ClInclude>
    <ClInclude Include="thirdparty\glm\glm\ext\vector_uint1.hpp">
      <Filter>thirdparty\glm\glm\ext</Filter>
    </ClInclude>
    <ClInclude Include="thirdparty\glm\glm\ext\vector_uint1_sized.hpp">
      <Filter>thirdparty\glm\glm\ext</Filter>
    </ClInclude>
    <ClInclude Include="thirdparty\glm\glm\ext\vector_uint2.hpp">
      <Filter>thirdparty\glm\glm\ext</Filter>
    </ClInclude>
    <ClInclude Include="thirdparty\glm\glm\ext\vector_uint2_sized.hpp">
      <Filter>thirdparty\glm\glm\ext</Filter>
    </ClInclude>
    <ClInclude Include="thirdparty\glm\glm\ext\vector_uint3.hpp">
      <Filter>thirdparty\glm\glm\ext</Filter>
    </ClInclude>
    <ClInclude Include="thirdparty\glm\glm\ext\vector_uint3_sized.hpp">
      <Filter>thirdparty\glm\glm\ext</Filter>
    </ClInclude>
    <ClInclude Include="thirdparty\glm\glm\ext\vector_uint4.hpp">
      <Filter>thirdparty\glm\glm\ext</Filter>
    </ClInclude>
    <ClInclude Include="thirdparty\glm\glm\ext\vector_uint4_sized.hpp">
      <Filter>thirdparty\glm\glm\ext</Filter>
    </ClInclude>
    <ClInclude Include="thirdparty\glm\glm\ext\vector_ulp.hpp">
      <Filter>thirdparty\glm\glm\ext</Filter>
    </ClInclude>
    <ClInclude Include="thirdparty\glm\glm\ext\vector_ulp.inl">
      <Filter>thirdparty\glm\glm\ext</Filter>
    </ClInclude>
    <ClInclude Include="thirdparty\glm\glm\fwd.hpp">
      <Filter>thirdparty\glm\glm</Filter>
    </ClInclude>
    <ClInclude Include="thirdparty\glm\glm\geometric.hpp">
      <Filter>thirdparty\glm\glm</Filter>
    </ClInclude>
    <ClInclude Include="thirdparty\glm\glm\glm.hpp">
      <Filter>thirdparty\glm\glm</Filter>
    </ClInclude>
    <ClInclude Include="thirdparty\glm\glm\gtc\bitfield.hpp">
      <Filter>thirdparty\glm\glm\gtc</Filter>
    </ClInclude>
    <ClInclude Include="thirdparty\glm\glm\gtc\bitfield.inl">
      <Filter>thirdparty\glm\glm\gtc</Filter>
    </ClInclude>
    <ClInclude Include="thirdparty\glm\glm\gtc\color_space.hpp">
      <Filter>thirdparty\glm\glm\gtc</Filter>
    </ClInclude>
    <ClInclude Include="thirdparty\glm\glm\gtc\color_space.inl">
      <Filter>thirdparty\glm\glm\gtc</Filter>
    </ClInclude>
    <ClInclude Include="thirdparty\glm\glm\gtc\constants.hpp">
      <Filter>thirdparty\glm\glm\gtc</Filter>
    </ClInclude>
    <ClInclude Include="thirdparty\glm\glm\gtc\constants.inl">
      <Filter>thirdparty\glm\glm\gtc</Filter>
    </ClInclude>
    <ClInclude Include="thirdparty\glm\glm\gtc\epsilon.hpp">
      <Filter>thirdparty\glm\glm\gtc</Filter>
    </ClInclude>
    <ClInclude Include="thirdparty\glm\glm\gtc\epsilon.inl">
      <Filter>thirdparty\glm\glm\gtc</Filter>
    </ClInclude>
    <ClInclude Include="thirdparty\glm\glm\gtc\integer.hpp">
      <Filter>thirdparty\glm\glm\gtc</Filter>
    </ClInclude>
    <ClInclude Include="thirdparty\glm\glm\gtc\integer.inl">
      <Filter>thirdparty\glm\glm\gtc</Filter>
    </ClInclude>
    <ClInclude Include="thirdparty\glm\glm\gtc\matrix_access.hpp">
      <Filter>thirdparty\glm\glm\gtc</Filter>
    </ClInclude>
    <ClInclude Include="thirdparty\glm\glm\gtc\matrix_access.inl">
      <Filter>thirdparty\glm\glm\gtc</Filter>
    </ClInclude>
    <ClInclude Include="thirdparty\glm\glm\gtc\matrix_integer.hpp">
      <Filter>thirdparty\glm\glm\gtc</Filter>
    </ClInclude>
    <ClInclude Include="thirdparty\glm\glm\gtc\matrix_inverse.hpp">
      <Filter>thirdparty\glm\glm\gtc</Filter>
    </ClInclude>
    <ClInclude Include="thirdparty\glm\glm\gtc\matrix_inverse.inl">
      <Filter>thirdparty\glm\glm\gtc</Filter>
    </ClInclude>
    <ClInclude Include="thirdparty\glm\glm\gtc\matrix_transform.hpp">
      <Filter>thirdparty\glm\glm\gtc</Filter>
    </ClInclude>
    <ClInclude Include="thirdparty\glm\glm\gtc\matrix_transform.inl">
      <Filter>thirdparty\glm\glm\gtc</Filter>
    </ClInclude>
    <ClInclude Include="thirdparty\glm\glm\gtc\noise.hpp">
      <Filter>thirdparty\glm\glm\gtc</Filter>
    </ClInclude>
    <ClInclude Include="thirdparty\glm\glm\gtc\noise.inl">
      <Filter>thirdparty\glm\glm\gtc</Filter>
    </ClInclude>
    <ClInclude Include="thirdparty\glm\glm\gtc\packing.hpp">
      <Filter>thirdparty\glm\glm\gtc</Filter>
    </ClInclude>
    <ClInclude Include="thirdparty\glm\glm\gtc\packing.inl">
      <Filter>thirdparty\glm\glm\gtc</Filter>
    </ClInclude>
    <ClInclude Include="thirdparty\glm\glm\gtc\quaternion.hpp">
      <Filter>thirdparty\glm\glm\gtc</Filter>
    </ClInclude>
    <ClInclude Include="thirdparty\glm\glm\gtc\quaternion.inl">
      <Filter>thirdparty\glm\glm\gtc</Filter>
    </ClInclude>
    <ClInclude Include="thirdparty\glm\glm\gtc\quaternion_simd.inl">
      <Filter>thirdparty\glm\glm\gtc</Filter>
    </ClInclude>
    <ClInclude Include="thirdparty\glm\glm\gtc\random.hpp">
      <Filter>thirdparty\glm\glm\gtc</Filter>
    </ClInclude>
    <ClInclude Include="thirdparty\glm\glm\gtc\random.inl">
      <Filter>thirdparty\glm\glm\gtc</Filter>
    </ClInclude>
    <ClInclude Include="thirdparty\glm\glm\gtc\reciprocal.hpp">
      <Filter>thirdparty\glm\glm\gtc</Filter>
    </ClInclude>
    <ClInclude Include="thirdparty\glm\glm\gtc\round.hpp">
      <Filter>thirdparty\glm\glm\gtc</Filter>
    </ClInclude>
    <ClInclude Include="thirdparty\glm\glm\gtc\round.inl">
      <Filter>thirdparty\glm\glm\gtc</Filter>
    </ClInclude>
    <ClInclude Include="thirdparty\glm\glm\gtc\type_aligned.hpp">
      <Filter>thirdparty\glm\glm\gtc</Filter>
    </ClInclude>
    <ClInclude Include="thirdparty\glm\glm\gtc\type_precision.hpp">
      <Filter>thirdparty\glm\glm\gtc</Filter>
    </ClInclude>
    <ClInclude Include="thirdparty\glm\glm\gtc\type_precision.inl">
      <Filter>thirdparty\glm\glm\gtc</Filter>
    </ClInclude>
    <ClInclude Include="thirdparty\glm\glm\gtc\type_ptr.hpp">
      <Filter>thirdparty\glm\glm\gtc</Filter>
    </ClInclude>
    <ClInclude Include="thirdparty\glm\glm\gtc\type_ptr.inl">
      <Filter>thirdparty\glm\glm\gtc</Filter>
    </ClInclude>
    <ClInclude Include="thirdparty\glm\glm\gtc\ulp.hpp">
      <Filter>thirdparty\glm\glm\gtc</Filter>
    </ClInclude>
    <ClInclude Include="thirdparty\glm\glm\gtc\ulp.inl">
      <Filter>thirdparty\glm\glm\gtc</Filter>
    </ClInclude>
    <ClInclude Include="thirdparty\glm\glm\gtc\vec1.hpp">
      <Filter>thirdparty\glm\glm\gtc</Filter>
    </ClInclude>
    <ClInclude Include="thirdparty\glm\glm\gtx\associated_min_max.hpp">
      <Filter>thirdparty\glm\glm\gtx</Filter>
    </ClInclude>
    <ClInclude Include="thirdparty\glm\glm\gtx\associated_min_max.inl">
      <Filter>thirdparty\glm\glm\gtx</Filter>
    </ClInclude>
    <ClInclude Include="thirdparty\glm\glm\gtx\bit.hpp">
      <Filter>thirdparty\glm\glm\gtx</Filter>
    </ClInclude>
    <ClInclude Include="thirdparty\glm\glm\gtx\bit.inl">
      <Filter>thirdparty\glm\glm\gtx</Filter>
    </ClInclude>
    <ClInclude Include="thirdparty\glm\glm\gtx\closest_point.hpp">
      <Filter>thirdparty\glm\glm\gtx</Filter>
    </ClInclude>
    <ClInclude Include="thirdparty\glm\glm\gtx\closest_point.inl">
      <Filter>thirdparty\glm\glm\gtx</Filter>
    </ClInclude>
    <ClInclude Include="thirdparty\glm\glm\gtx\color_encoding.hpp">
      <Filter>thirdparty\glm\glm\gtx</Filter>
    </ClInclude>
    <ClInclude Include="thirdparty\glm\glm\gtx\color_encoding.inl">
      <Filter>thirdparty\glm\glm\gtx</Filter>
    </ClInclude>
    <ClInclude Include="thirdparty\glm\glm\gtx\color_space.hpp">
      <Filter>thirdparty\glm\glm\gtx</Filter>
    </ClInclude>
    <ClInclude Include="thirdparty\glm\glm\gtx\color_space.inl">
      <Filter>thirdparty\glm\glm\gtx</Filter>
    </ClInclude>
    <ClInclude Include="thirdparty\glm\glm\gtx\color_space_YCoCg.hpp">
      <Filter>thirdparty\glm\glm\gtx</Filter>
    </ClInclude>
    <ClInclude Include="thirdparty\glm\glm\gtx\color_space_YCoCg.inl">
      <Filter>thirdparty\glm\glm\gtx</Filter>
    </ClInclude>
    <ClInclude Include="thirdparty\glm\glm\gtx\common.hpp">
      <Filter>thirdparty\glm\glm\gtx</Filter>
    </ClInclude>
    <ClInclude Include="thirdparty\glm\glm\gtx\common.inl">
      <Filter>thirdparty\glm\glm\gtx</Filter>
    </ClInclude>
    <ClInclude Include="thirdparty\glm\glm\gtx\compatibility.hpp">
      <Filter>thirdparty\glm\glm\gtx</Filter>
    </ClInclude>
    <ClInclude Include="thirdparty\glm\glm\gtx\compatibility.inl">
      <Filter>thirdparty\glm\glm\gtx</Filter>
    </ClInclude>
    <ClInclude Include="thirdparty\glm\glm\gtx\component_wise.hpp">
      <Filter>thirdparty\glm\glm\gtx</Filter>
    </ClInclude>
    <ClInclude Include="thirdparty\glm\glm\gtx\component_wise.inl">
      <Filter>thirdparty\glm\glm\gtx</Filter>
    </ClInclude>
    <ClInclude Include="thirdparty\glm\glm\gtx\dual_quaternion.hpp">
      <Filter>thirdparty\glm\glm\gtx</Filter>
    </ClInclude>
    <ClInclude Include="thirdparty\glm\glm\gtx\dual_quaternion.inl">
      <Filter>thirdparty\glm\glm\gtx</Filter>
    </ClInclude>
    <ClInclude Include="thirdparty\glm\glm\gtx\easing.hpp">
      <Filter>thirdparty\glm\glm\gtx</Filter>
    </ClInclude>
    <ClInclude Include="thirdparty\glm\glm\gtx\easing.inl">
      <Filter>thirdparty\glm\glm\gtx</Filter>
    </ClInclude>
    <ClInclude Include="thirdparty\glm\glm\gtx\euler_angles.hpp">
      <Filter>thirdparty\glm\glm\gtx</Filter>
    </ClInclude>
    <ClInclude Include="thirdparty\glm\glm\gtx\euler_angles.inl">
      <Filter>thirdparty\glm\glm\gtx</Filter>
    </ClInclude>
    <ClInclude Include="thirdparty\glm\glm\gtx\extend.hpp">
      <Filter>thirdparty\glm\glm\gtx</Filter>
    </ClInclude>
    <ClInclude Include="thirdparty\glm\glm\gtx\extend.inl">
      <Filter>thirdparty\glm\glm\gtx</Filter>
    </ClInclude>
    <ClInclude Include="thirdparty\glm\glm\gtx\extended_min_max.hpp">
      <Filter>thirdparty\glm\glm\gtx</Filter>
    </ClInclude>
    <ClInclude Include="thirdparty\glm\glm\gtx\extended_min_max.inl">
      <Filter>thirdparty\glm\glm\gtx</Filter>
    </ClInclude>
    <ClInclude Include="thirdparty\glm\glm\gtx\exterior_product.hpp">
      <Filter>thirdparty\glm\glm\gtx</Filter>
    </ClInclude>
    <ClInclude Include="thirdparty\glm\glm\gtx\exterior_product.inl">
      <Filter>thirdparty\glm\glm\gtx</Filter>
    </ClInclude>
    <ClInclude Include="thirdparty\glm\glm\gtx\fast_exponential.hpp">
      <Filter>thirdparty\glm\glm\gtx</Filter>
    </ClInclude>
    <ClInclude Include="thirdparty\glm\glm\gtx\fast_exponential.inl">
      <Filter>thirdparty\glm\glm\gtx</Filter>
    </ClInclude>
    <ClInclude Include="thirdparty\glm\glm\gtx\fast_square_root.hpp">
      <Filter>thirdparty\glm\glm\gtx</Filter>
    </ClInclude>
    <ClInclude Include="thirdparty\glm\glm\gtx\fast_square_root.inl">
      <Filter>thirdparty\glm\glm\gtx</Filter>
    </ClInclude>
    <ClInclude Include="thirdparty\glm\glm\gtx\fast_trigonometry.hpp">
      <Filter>thirdparty\glm\glm\gtx</Filter>
    </ClInclude>
    <ClInclude Include="thirdparty\glm\glm\gtx\fast_trigonometry.inl">
      <Filter>thirdparty\glm\glm\gtx</Filter>
    </ClInclude>
    <ClInclude Include="thirdparty\glm\glm\gtx\float_notmalize.inl">
      <Filter>thirdparty\glm\glm\gtx</Filter>
    </ClInclude>
    <ClInclude Include="thirdparty\glm\glm\gtx\functions.hpp">
      <Filter>thirdparty\glm\glm\gtx</Filter>
    </ClInclude>
    <ClInclude Include="thirdparty\glm\glm\gtx\functions.inl">
      <Filter>thirdparty\glm\glm\gtx</Filter>
    </ClInclude>
    <ClInclude Include="thirdparty\glm\glm\gtx\gradient_paint.hpp">
      <Filter>thirdparty\glm\glm\gtx</Filter>
    </ClInclude>
    <ClInclude Include="thirdparty\glm\glm\gtx\gradient_paint.inl">
      <Filter>thirdparty\glm\glm\gtx</Filter>
    </ClInclude>
    <ClInclude Include="thirdparty\glm\glm\gtx\handed_coordinate_space.hpp">
      <Filter>thirdparty\glm\glm\gtx</Filter>
    </ClInclude>
    <ClInclude Include="thirdparty\glm\glm\gtx\handed_coordinate_space.inl">
      <Filter>thirdparty\glm\glm\gtx</Filter>
    </ClInclude>
    <ClInclude Include="thirdparty\glm\glm\gtx\hash.hpp">
      <Filter>thirdparty\glm\glm\gtx</Filter>
    </ClInclude>
    <ClInclude Include="thirdparty\glm\glm\gtx\hash.inl">
      <Filter>thirdparty\glm\glm\gtx</Filter>
    </ClInclude>
    <ClInclude Include="thirdparty\glm\glm\gtx\integer.hpp">
      <Filter>thirdparty\glm\glm\gtx</Filter>
    </ClInclude>
    <ClInclude Include="thirdparty\glm\glm\gtx\integer.inl">
      <Filter>thirdparty\glm\glm\gtx</Filter>
    </ClInclude>
    <ClInclude Include="thirdparty\glm\glm\gtx\intersect.hpp">
      <Filter>thirdparty\glm\glm\gtx</Filter>
    </ClInclude>
    <ClInclude Include="thirdparty\glm\glm\gtx\intersect.inl">
      <Filter>thirdparty\glm\glm\gtx</Filter>
    </ClInclude>
    <ClInclude Include="thirdparty\glm\glm\gtx\io.hpp">
      <Filter>thirdparty\glm\glm\gtx</Filter>
    </ClInclude>
    <ClInclude Include="thirdparty\glm\glm\gtx\io.inl">
      <Filter>thirdparty\glm\glm\gtx</Filter>
    </ClInclude>
    <ClInclude Include="thirdparty\glm\glm\gtx\log_base.hpp">
      <Filter>thirdparty\glm\glm\gtx</Filter>
    </ClInclude>
    <ClInclude Include="thirdparty\glm\glm\gtx\log_base.inl">
      <Filter>thirdparty\glm\glm\gtx</Filter>
    </ClInclude>
    <ClInclude Include="thirdparty\glm\glm\gtx\matrix_cross_product.hpp">
      <Filter>thirdparty\glm\glm\gtx</Filter>
    </ClInclude>
    <ClInclude Include="thirdparty\glm\glm\gtx\matrix_cross_product.inl">
      <Filter>thirdparty\glm\glm\gtx</Filter>
    </ClInclude>
    <ClInclude Include="thirdparty\glm\glm\gtx\matrix_decompose.hpp">
      <Filter>thirdparty\glm\glm\gtx</Filter>
    </ClInclude>
    <ClInclude Include="thirdparty\glm\glm\gtx\matrix_decompose.inl">
      <Filter>thirdparty\glm\glm\gtx</Filter>
    </ClInclude>
    <ClInclude Include="thirdparty\glm\glm\gtx\matrix_factorisation.hpp">
      <Filter>thirdparty\glm\glm\gtx</Filter>
    </ClInclude>
    <ClInclude Include="thirdparty\glm\glm\gtx\matrix_factorisation.inl">
      <Filter>thirdparty\glm\glm\gtx</Filter>
    </ClInclude>
    <ClInclude Include="thirdparty\glm\glm\gtx\matrix_interpolation.hpp">
      <Filter>thirdparty\glm\glm\gtx</Filter>
    </ClInclude>
    <ClInclude Include="thirdparty\glm\glm\gtx\matrix_interpolation.inl">
      <Filter>thirdparty\glm\glm\gtx</Filter>
    </ClInclude>
    <ClInclude Include="thirdparty\glm\glm\gtx\matrix_major_storage.hpp">
      <Filter>thirdparty\glm\glm\gtx</Filter>
    </ClInclude>
    <ClInclude Include="thirdparty\glm\glm\gtx\matrix_major_storage.inl">
      <Filter>thirdparty\glm\glm\gtx</Filter>
    </ClInclude>
    <ClInclude Include="thirdparty\glm\glm\gtx\matrix_operation.hpp">
      <Filter>thirdparty\glm\glm\gtx</Filter>
    </ClInclude>
    <ClInclude Include="thirdparty\glm\glm\gtx\matrix_operation.inl">
      <Filter>thirdparty\glm\glm\gtx</Filter>
    </ClInclude>
    <ClInclude Include="thirdparty\glm\glm\gtx\matrix_query.hpp">
      <Filter>thirdparty\glm\glm\gtx</Filter>
    </ClInclude>
    <ClInclude Include="thirdparty\glm\glm\gtx\matrix_query.inl">
      <Filter>thirdparty\glm\glm\gtx</Filter>
    </ClInclude>
    <ClInclude Include="thirdparty\glm\glm\gtx\matrix_transform_2d.hpp">
      <Filter>thirdparty\glm\glm\gtx</Filter>
    </ClInclude>
    <ClInclude Include="thirdparty\glm\glm\gtx\matrix_transform_2d.inl">
      <Filter>thirdparty\glm\glm\gtx</Filter>
    </ClInclude>
    <ClInclude Include="thirdparty\glm\glm\gtx\mixed_product.hpp">
      <Filter>thirdparty\glm\glm\gtx</Filter>
    </ClInclude>
    <ClInclude Include="thirdparty\glm\glm\gtx\mixed_product.inl">
      <Filter>thirdparty\glm\glm\gtx</Filter>
    </ClInclude>
    <ClInclude Include="thirdparty\glm\glm\gtx\norm.hpp">
      <Filter>thirdparty\glm\glm\gtx</Filter>
    </ClInclude>
    <ClInclude Include="thirdparty\glm\glm\gtx\norm.inl">
      <Filter>thirdparty\glm\glm\gtx</Filter>
    </ClInclude>
    <ClInclude Include="thirdparty\glm\glm\gtx\normal.hpp">
      <Filter>thirdparty\glm\glm\gtx</Filter>
    </ClInclude>
    <ClInclude Include="thirdparty\glm\glm\gtx\normal.inl">
      <Filter>thirdparty\glm\glm\gtx</Filter>
    </ClInclude>
    <ClInclude Include="thirdparty\glm\glm\gtx\normalize_dot.hpp">
      <Filter>thirdparty\glm\glm\gtx</Filter>
    </ClInclude>
    <ClInclude Include="thirdparty\glm\glm\gtx\normalize_dot.inl">
      <Filter>thirdparty\glm\glm\gtx</Filter>
    </ClInclude>
    <ClInclude Include="thirdparty\glm\glm\gtx\number_precision.hpp">
      <Filter>thirdparty\glm\glm\gtx</Filter>
    </ClInclude>
    <ClInclude Include="thirdparty\glm\glm\gtx\number_precision.inl">
      <Filter>thirdparty\glm\glm\gtx</Filter>
    </ClInclude>
    <ClInclude Include="thirdparty\glm\glm\gtx\optimum_pow.hpp">
      <Filter>thirdparty\glm\glm\gtx</Filter>
    </ClInclude>
    <ClInclude Include="thirdparty\glm\glm\gtx\optimum_pow.inl">
      <Filter>thirdparty\glm\glm\gtx</Filter>
    </ClInclude>
    <ClInclude Include="thirdparty\glm\glm\gtx\orthonormalize.hpp">
      <Filter>thirdparty\glm\glm\gtx</Filter>
    </ClInclude>
    <ClInclude Include="thirdparty\glm\glm\gtx\orthonormalize.inl">
      <Filter>thirdparty\glm\glm\gtx</Filter>
    </ClInclude>
    <ClInclude Include="thirdparty\glm\glm\gtx\pca.hpp">
      <Filter>thirdparty\glm\glm\gtx</Filter>
    </ClInclude>
    <ClInclude Include="thirdparty\glm\glm\gtx\pca.inl">
      <Filter>thirdparty\glm\glm\gtx</Filter>
    </ClInclude>
    <ClInclude Include="thirdparty\glm\glm\gtx\perpendicular.hpp">
      <Filter>thirdparty\glm\glm\gtx</Filter>
    </ClInclude>
    <ClInclude Include="thirdparty\glm\glm\gtx\perpendicular.inl">
      <Filter>thirdparty\glm\glm\gtx</Filter>
    </ClInclude>
    <ClInclude Include="thirdparty\glm\glm\gtx\polar_coordinates.hpp">
      <Filter>thirdparty\glm\glm\gtx</Filter>
    </ClInclude>
    <ClInclude Include="thirdparty\glm\glm\gtx\polar_coordinates.inl">
      <Filter>thirdparty\glm\glm\gtx</Filter>
    </ClInclude>
    <ClInclude Include="thirdparty\glm\glm\gtx\projection.hpp">
      <Filter>thirdparty\glm\glm\gtx</Filter>
    </ClInclude>
    <ClInclude Include="thirdparty\glm\glm\gtx\projection.inl">
      <Filter>thirdparty\glm\glm\gtx</Filter>
    </ClInclude>
    <ClInclude Include="thirdparty\glm\glm\gtx\quaternion.hpp">
      <Filter>thirdparty\glm\glm\gtx</Filter>
    </ClInclude>
    <ClInclude Include="thirdparty\glm\glm\gtx\quaternion.inl">
      <Filter>thirdparty\glm\glm\gtx</Filter>
    </ClInclude>
    <ClInclude Include="thirdparty\glm\glm\gtx\range.hpp">
      <Filter>thirdparty\glm\glm\gtx</Filter>
    </ClInclude>
    <ClInclude Include="thirdparty\glm\glm\gtx\raw_data.hpp">
      <Filter>thirdparty\glm\glm\gtx</Filter>
    </ClInclude>
    <ClInclude Include="thirdparty\glm\glm\gtx\raw_data.inl">
      <Filter>thirdparty\glm\glm\gtx</Filter>
    </ClInclude>
    <ClInclude Include="thirdparty\glm\glm\gtx\rotate_normalized_axis.hpp">
      <Filter>thirdparty\glm\glm\gtx</Filter>
    </ClInclude>
    <ClInclude Include="thirdparty\glm\glm\gtx\rotate_normalized_axis.inl">
      <Filter>thirdparty\glm\glm\gtx</Filter>
    </ClInclude>
    <ClInclude Include="thirdparty\glm\glm\gtx\rotate_vector.hpp">
      <Filter>thirdparty\glm\glm\gtx</Filter>
    </ClInclude>
    <ClInclude Include="thirdparty\glm\glm\gtx\rotate_vector.inl">
      <Filter>thirdparty\glm\glm\gtx</Filter>
    </ClInclude>
    <ClInclude Include="thirdparty\glm\glm\gtx\scalar_multiplication.hpp">
      <Filter>thirdparty\glm\glm\gtx</Filter>
    </ClInclude>
    <ClInclude Include="thirdparty\glm\glm\gtx\scalar_relational.hpp">
      <Filter>thirdparty\glm\glm\gtx</Filter>
    </ClInclude>
    <ClInclude Include="thirdparty\glm\glm\gtx\scalar_relational.inl">
      <Filter>thirdparty\glm\glm\gtx</Filter>
    </ClInclude>
    <ClInclude Include="thirdparty\glm\glm\gtx\spline.hpp">
      <Filter>thirdparty\glm\glm\gtx</Filter>
    </ClInclude>
    <ClInclude Include="thirdparty\glm\glm\gtx\spline.inl">
      <Filter>thirdparty\glm\glm\gtx</Filter>
    </ClInclude>
    <ClInclude Include="thirdparty\glm\glm\gtx\std_based_type.hpp">
      <Filter>thirdparty\glm\glm\gtx</Filter>
    </ClInclude>
    <ClInclude Include="thirdparty\glm\glm\gtx\std_based_type.inl">
      <Filter>thirdparty\glm\glm\gtx</Filter>
    </ClInclude>
    <ClInclude Include="thirdparty\glm\glm\gtx\string_cast.hpp">
      <Filter>thirdparty\glm\glm\gtx</Filter>
    </ClInclude>
    <ClInclude Include="thirdparty\glm\glm\gtx\string_cast.inl">
      <Filter>thirdparty\glm\glm\gtx</Filter>
    </ClInclude>
    <ClInclude Include="thirdparty\glm\glm\gtx\texture.hpp">
      <Filter>thirdparty\glm\glm\gtx</Filter>
    </ClInclude>
    <ClInclude Include="thirdparty\glm\glm\gtx\texture.inl">
      <Filter>thirdparty\glm\glm\gtx</Filter>
    </ClInclude>
    <ClInclude Include="thirdparty\glm\glm\gtx\transform.hpp">
      <Filter>thirdparty\glm\glm\gtx</Filter>
    </ClInclude>
    <ClInclude Include="thirdparty\glm\glm\gtx\transform.inl">
      <Filter>thirdparty\glm\glm\gtx</Filter>
    </ClInclude>
    <ClInclude Include="thirdparty\glm\glm\gtx\transform2.hpp">
      <Filter>thirdparty\glm\glm\gtx</Filter>
    </ClInclude>
    <ClInclude Include="thirdparty\glm\glm\gtx\transform2.inl">
      <Filter>thirdparty\glm\glm\gtx</Filter>
    </ClInclude>
    <ClInclude Include="thirdparty\glm\glm\gtx\type_aligned.hpp">
      <Filter>thirdparty\glm\glm\gtx</Filter>
    </ClInclude>
    <ClInclude Include="thirdparty\glm\glm\gtx\type_aligned.inl">
      <Filter>thirdparty\glm\glm\gtx</Filter>
    </ClInclude>
    <ClInclude Include="thirdparty\glm\glm\gtx\type_trait.hpp">
      <Filter>thirdparty\glm\glm\gtx</Filter>
    </ClInclude>
    <ClInclude Include="thirdparty\glm\glm\gtx\type_trait.inl">
      <Filter>thirdparty\glm\glm\gtx</Filter>
    </ClInclude>
    <ClInclude Include="thirdparty\glm\glm\gtx\vec_swizzle.hpp">
      <Filter>thirdparty\glm\glm\gtx</Filter>
    </ClInclude>
    <ClInclude Include="thirdparty\glm\glm\gtx\vector_angle.hpp">
      <Filter>thirdparty\glm\glm\gtx</Filter>
    </ClInclude>
    <ClInclude Include="thirdparty\glm\glm\gtx\vector_angle.inl">
      <Filter>thirdparty\glm\glm\gtx</Filter>
    </ClInclude>
    <ClInclude Include="thirdparty\glm\glm\gtx\vector_query.hpp">
      <Filter>thirdparty\glm\glm\gtx</Filter>
    </ClInclude>
    <ClInclude Include="thirdparty\glm\glm\gtx\vector_query.inl">
      <Filter>thirdparty\glm\glm\gtx</Filter>
    </ClInclude>
    <ClInclude Include="thirdparty\glm\glm\gtx\wrap.hpp">
      <Filter>thirdparty\glm\glm\gtx</Filter>
    </ClInclude>
    <ClInclude Include="thirdparty\glm\glm\gtx\wrap.inl">
      <Filter>thirdparty\glm\glm\gtx</Filter>
    </ClInclude>
    <ClInclude Include="thirdparty\glm\glm\integer.hpp">
      <Filter>thirdparty\glm\glm</Filter>
    </ClInclude>
    <ClInclude Include="thirdparty\glm\glm\mat2x2.hpp">
      <Filter>thirdparty\glm\glm</Filter>
    </ClInclude>
    <ClInclude Include="thirdparty\glm\glm\mat2x3.hpp">
      <Filter>thirdparty\glm\glm</Filter>
    </ClInclude>
    <ClInclude Include="thirdparty\glm\glm\mat2x4.hpp">
      <Filter>thirdparty\glm\glm</Filter>
    </ClInclude>
    <ClInclude Include="thirdparty\glm\glm\mat3x2.hpp">
      <Filter>thirdparty\glm\glm</Filter>
    </ClInclude>
    <ClInclude Include="thirdparty\glm\glm\mat3x3.hpp">
      <Filter>thirdparty\glm\glm</Filter>
    </ClInclude>
    <ClInclude Include="thirdparty\glm\glm\mat3x4.hpp">
      <Filter>thirdparty\glm\glm</Filter>
    </ClInclude>
    <ClInclude Include="thirdparty\glm\glm\mat4x2.hpp">
      <Filter>thirdparty\glm\glm</Filter>
    </ClInclude>
    <ClInclude Include="thirdparty\glm\glm\mat4x3.hpp">
      <Filter>thirdparty\glm\glm</Filter>
    </ClInclude>
    <ClInclude Include="thirdparty\glm\glm\mat4x4.hpp">
      <Filter>thirdparty\glm\glm</Filter>
    </ClInclude>
    <ClInclude Include="thirdparty\glm\glm\matrix.hpp">
      <Filter>thirdparty\glm\glm</Filter>
    </ClInclude>
    <ClInclude Include="thirdparty\glm\glm\packing.hpp">
      <Filter>thirdparty\glm\glm</Filter>
    </ClInclude>
    <ClInclude Include="thirdparty\glm\glm\trigonometric.hpp">
      <Filter>thirdparty\glm\glm</Filter>
    </ClInclude>
    <ClInclude Include="thirdparty\glm\glm\vec2.hpp">
      <Filter>thirdparty\glm\glm</Filter>
    </ClInclude>
    <ClInclude Include="thirdparty\glm\glm\vec3.hpp">
      <Filter>thirdparty\glm\glm</Filter>
    </ClInclude>
    <ClInclude Include="thirdparty\glm\glm\vec4.hpp">
      <Filter>thirdparty\glm\glm</Filter>
    </ClInclude>
    <ClInclude Include="thirdparty\glm\glm\vector_relational.hpp">
      <Filter>thirdparty\glm\glm</Filter>
    </ClInclude>
    <ClInclude Include="thirdparty\imguizmo\ImGuizmo.h">
      <Filter>thirdparty\imguizmo</Filter>
    </ClInclude>
    <ClInclude Include="Source\Sol\Math\Math.h" />
    <ClInclude Include="Source\GalaxyDraw\Interfaces\ModelManager.h" />
    <ClInclude Include="Source\GalaxyDraw\Interfaces\Material.h" />
    <ClInclude Include="Source\GalaxyDraw\Interfaces\MaterialManager.h" />
  </ItemGroup>
  <ItemGroup>
    <ClCompile Include="Source\GalaxyDraw\Interfaces\Buffer.cpp">
      <Filter>Source\GalaxyDraw\Interfaces</Filter>
    </ClCompile>
    <ClCompile Include="Source\GalaxyDraw\Interfaces\Framebuffer.cpp">
      <Filter>Source\GalaxyDraw\Interfaces</Filter>
    </ClCompile>
    <ClCompile Include="Source\GalaxyDraw\Interfaces\GalaxyMacros.cpp">
      <Filter>Source\GalaxyDraw\Interfaces</Filter>
    </ClCompile>
    <ClCompile Include="Source\GalaxyDraw\Interfaces\IModel.cpp">
      <Filter>Source\GalaxyDraw\Interfaces</Filter>
    </ClCompile>
    <ClCompile Include="Source\GalaxyDraw\Interfaces\OrthoCamera.cpp">
      <Filter>Source\GalaxyDraw\Interfaces</Filter>
    </ClCompile>
    <ClCompile Include="Source\GalaxyDraw\Interfaces\ParticleSystem.cpp">
      <Filter>Source\GalaxyDraw\Interfaces</Filter>
    </ClCompile>
    <ClCompile Include="Source\GalaxyDraw\Interfaces\RenderCommand.cpp">
      <Filter>Source\GalaxyDraw\Interfaces</Filter>
    </ClCompile>
    <ClCompile Include="Source\GalaxyDraw\Interfaces\Renderer.cpp">
      <Filter>Source\GalaxyDraw\Interfaces</Filter>
    </ClCompile>
    <ClCompile Include="Source\GalaxyDraw\Interfaces\Renderer2D.cpp">
      <Filter>Source\GalaxyDraw\Interfaces</Filter>
    </ClCompile>
    <ClCompile Include="Source\GalaxyDraw\Interfaces\Renderer3D.cpp">
      <Filter>Source\GalaxyDraw\Interfaces</Filter>
    </ClCompile>
    <ClCompile Include="Source\GalaxyDraw\Interfaces\RendererAPI.cpp">
      <Filter>Source\GalaxyDraw\Interfaces</Filter>
    </ClCompile>
    <ClCompile Include="Source\GalaxyDraw\Interfaces\RenderingContext.cpp">
      <Filter>Source\GalaxyDraw\Interfaces</Filter>
    </ClCompile>
    <ClCompile Include="Source\GalaxyDraw\Interfaces\Shader.cpp">
      <Filter>Source\GalaxyDraw\Interfaces</Filter>
    </ClCompile>
    <ClCompile Include="Source\GalaxyDraw\Interfaces\Texture.cpp">
      <Filter>Source\GalaxyDraw\Interfaces</Filter>
    </ClCompile>
    <ClCompile Include="Source\GalaxyDraw\Interfaces\UniformBuffer.cpp">
      <Filter>Source\GalaxyDraw\Interfaces</Filter>
    </ClCompile>
    <ClCompile Include="Source\GalaxyDraw\Interfaces\VertexArray.cpp">
      <Filter>Source\GalaxyDraw\Interfaces</Filter>
    </ClCompile>
    <ClCompile Include="Source\GalaxyDraw\MeshOld.cpp">
      <Filter>Source\GalaxyDraw</Filter>
    </ClCompile>
    <ClCompile Include="Source\GalaxyDraw\ModelBuilder.cpp">
      <Filter>Source\GalaxyDraw</Filter>
    </ClCompile>
    <ClCompile Include="Source\GalaxyDraw\ModelOld.cpp">
      <Filter>Source\GalaxyDraw</Filter>
    </ClCompile>
    <ClCompile Include="Source\GalaxyDraw\Platform\OpenGL\GLMacros.cpp">
      <Filter>Source\GalaxyDraw\Platform\OpenGL</Filter>
    </ClCompile>
    <ClCompile Include="Source\GalaxyDraw\Platform\OpenGL\OpenGL_Context.cpp">
      <Filter>Source\GalaxyDraw\Platform\OpenGL</Filter>
    </ClCompile>
    <ClCompile Include="Source\GalaxyDraw\Platform\OpenGL\OpenGL_Framebuffer.cpp">
      <Filter>Source\GalaxyDraw\Platform\OpenGL</Filter>
    </ClCompile>
    <ClCompile Include="Source\GalaxyDraw\Platform\OpenGL\OpenGL_IndexBuffer.cpp">
      <Filter>Source\GalaxyDraw\Platform\OpenGL</Filter>
    </ClCompile>
    <ClCompile Include="Source\GalaxyDraw\Platform\OpenGL\OpenGL_InstanceBuffer.cpp">
      <Filter>Source\GalaxyDraw\Platform\OpenGL</Filter>
    </ClCompile>
    <ClCompile Include="Source\GalaxyDraw\Model.cpp">
      <Filter>Source\GalaxyDraw\Platform\OpenGL</Filter>
    </ClCompile>
    <ClCompile Include="Source\GalaxyDraw\Platform\OpenGL\OpenGL_OrthoCamera.cpp">
      <Filter>Source\GalaxyDraw\Platform\OpenGL</Filter>
    </ClCompile>
    <ClCompile Include="Source\GalaxyDraw\Platform\OpenGL\OpenGL_ParticleSystem.cpp">
      <Filter>Source\GalaxyDraw\Platform\OpenGL</Filter>
    </ClCompile>
    <ClCompile Include="Source\GalaxyDraw\Platform\OpenGL\OpenGL_RenderScreen.cpp">
      <Filter>Source\GalaxyDraw\Platform\OpenGL</Filter>
    </ClCompile>
    <ClCompile Include="Source\GalaxyDraw\Platform\OpenGL\OpenGL_Shader.cpp">
      <Filter>Source\GalaxyDraw\Platform\OpenGL</Filter>
    </ClCompile>
    <ClCompile Include="Source\GalaxyDraw\Platform\OpenGL\OpenGL_Texture.cpp">
      <Filter>Source\GalaxyDraw\Platform\OpenGL</Filter>
    </ClCompile>
    <ClCompile Include="Source\GalaxyDraw\Platform\OpenGL\OpenGL_UniformBuffer.cpp">
      <Filter>Source\GalaxyDraw\Platform\OpenGL</Filter>
    </ClCompile>
    <ClCompile Include="Source\GalaxyDraw\Platform\OpenGL\OpenGL_VertexArray.cpp">
      <Filter>Source\GalaxyDraw\Platform\OpenGL</Filter>
    </ClCompile>
    <ClCompile Include="Source\GalaxyDraw\Platform\OpenGL\OpenGL_VertexBuffer.cpp">
      <Filter>Source\GalaxyDraw\Platform\OpenGL</Filter>
    </ClCompile>
    <ClCompile Include="Source\GalaxyDraw\SceneCamera.cpp">
      <Filter>Source\GalaxyDraw</Filter>
    </ClCompile>
    <ClCompile Include="Source\GalaxyDraw\stb.cpp">
      <Filter>Source\GalaxyDraw</Filter>
    </ClCompile>
    <ClCompile Include="Source\Platform\Windows\WindowsInput.cpp">
      <Filter>Source\Platform\Windows</Filter>
    </ClCompile>
    <ClCompile Include="Source\Platform\Windows\WindowsPlatformUtils.cpp">
      <Filter>Source\Platform\Windows</Filter>
    </ClCompile>
    <ClCompile Include="Source\Platform\Windows\WindowsWindow.cpp">
      <Filter>Source\Platform\Windows</Filter>
    </ClCompile>
    <ClCompile Include="Source\Sol\CameraController.cpp">
      <Filter>Source\Sol</Filter>
    </ClCompile>
    <ClCompile Include="Source\Sol\Core\Application.cpp">
      <Filter>Source\Sol\Core</Filter>
    </ClCompile>
    <ClCompile Include="Source\Sol\Core\CrammedVecMap.cpp">
      <Filter>Source\Sol\Core</Filter>
    </ClCompile>
    <ClCompile Include="Source\Sol\Core\Layer.cpp">
      <Filter>Source\Sol\Core</Filter>
    </ClCompile>
    <ClCompile Include="Source\Sol\Core\LayerStack.cpp">
      <Filter>Source\Sol\Core</Filter>
    </ClCompile>
    <ClCompile Include="Source\Sol\Core\Log.cpp">
      <Filter>Source\Sol\Core</Filter>
    </ClCompile>
    <ClCompile Include="Source\Sol\Core\Random.cpp">
      <Filter>Source\Sol\Core</Filter>
    </ClCompile>
    <ClCompile Include="Source\Sol\ImGui\ImGuiBuild.cpp">
      <Filter>Source\Sol\ImGui</Filter>
    </ClCompile>
    <ClCompile Include="Source\Sol\ImGui\ImGuiLayer.cpp">
      <Filter>Source\Sol\ImGui</Filter>
    </ClCompile>
    <ClCompile Include="Source\Sol\Scene\Entity.cpp">
      <Filter>Source\Sol\Scene</Filter>
    </ClCompile>
    <ClCompile Include="Source\Sol\Scene\Scene.cpp">
      <Filter>Source\Sol\Scene</Filter>
    </ClCompile>
    <ClCompile Include="Source\Sol\Scene\SceneSerializer.cpp">
      <Filter>Source\Sol\Scene</Filter>
    </ClCompile>
    <ClCompile Include="Source\solpch.cpp">
      <Filter>Source</Filter>
    </ClCompile>
    <ClCompile Include="thirdparty\imguizmo\ImGuizmo.cpp">
      <Filter>thirdparty\imguizmo</Filter>
    </ClCompile>
    <ClCompile Include="Source\Sol\Math\Math.cpp" />
    <ClCompile Include="Source\GalaxyDraw\Interfaces\ModelManager.cpp" />
    <ClCompile Include="Source\GalaxyDraw\Interfaces\MaterialManager.cpp" />
  </ItemGroup>
</Project>